// !$*UTF8*$!
{
	archiveVersion = 1;
	classes = {
	};
	objectVersion = 46;
	objects = {

/* Begin PBXAggregateTarget section */
		89097E7B1579AA2B00913B9E /* Generate Data Model */ = {
			isa = PBXAggregateTarget;
			buildConfigurationList = 89097E7C1579AA2B00913B9E /* Build configuration list for PBXAggregateTarget "Generate Data Model" */;
			buildPhases = (
				89097E7F1579AA3500913B9E /* ShellScript */,
			);
			dependencies = (
			);
			name = "Generate Data Model";
			productName = "Generate Data Model";
		};
/* End PBXAggregateTarget section */

/* Begin PBXBuildFile section */
		89097C4915799DFF00913B9E /* UIKit.framework in Frameworks */ = {isa = PBXBuildFile; fileRef = 89097C4815799DFF00913B9E /* UIKit.framework */; };
		89097C4B15799DFF00913B9E /* Foundation.framework in Frameworks */ = {isa = PBXBuildFile; fileRef = 89097C4A15799DFF00913B9E /* Foundation.framework */; };
		89097C4D15799DFF00913B9E /* CoreGraphics.framework in Frameworks */ = {isa = PBXBuildFile; fileRef = 89097C4C15799DFF00913B9E /* CoreGraphics.framework */; };
		89097C6115799DFF00913B9E /* SenTestingKit.framework in Frameworks */ = {isa = PBXBuildFile; fileRef = 89097C6015799DFF00913B9E /* SenTestingKit.framework */; };
		89097C6215799DFF00913B9E /* UIKit.framework in Frameworks */ = {isa = PBXBuildFile; fileRef = 89097C4815799DFF00913B9E /* UIKit.framework */; };
		89097C6315799DFF00913B9E /* Foundation.framework in Frameworks */ = {isa = PBXBuildFile; fileRef = 89097C4A15799DFF00913B9E /* Foundation.framework */; };
		89097C6B15799DFF00913B9E /* InfoPlist.strings in Resources */ = {isa = PBXBuildFile; fileRef = 89097C6915799DFF00913B9E /* InfoPlist.strings */; };
		89097C6E15799DFF00913B9E /* TSTwitterTest.m in Sources */ = {isa = PBXBuildFile; fileRef = 89097C6D15799DFF00913B9E /* TSTwitterTest.m */; };
		89097CE515799F2C00913B9E /* .gitignore in Resources */ = {isa = PBXBuildFile; fileRef = 89097C7A15799F2C00913B9E /* .gitignore */; };
		89097CFB15799F2C00913B9E /* NSAlert+MKNetworkKitAdditions.m in Sources */ = {isa = PBXBuildFile; fileRef = 89097CB015799F2C00913B9E /* NSAlert+MKNetworkKitAdditions.m */; };
		89097CFC15799F2C00913B9E /* NSData+Base64.m in Sources */ = {isa = PBXBuildFile; fileRef = 89097CB215799F2C00913B9E /* NSData+Base64.m */; };
		89097CFD15799F2C00913B9E /* NSDate+RFC1123.m in Sources */ = {isa = PBXBuildFile; fileRef = 89097CB415799F2C00913B9E /* NSDate+RFC1123.m */; };
		89097CFE15799F2C00913B9E /* NSDictionary+RequestEncoding.m in Sources */ = {isa = PBXBuildFile; fileRef = 89097CB615799F2C00913B9E /* NSDictionary+RequestEncoding.m */; };
		89097CFF15799F2C00913B9E /* NSString+MKNetworkKitAdditions.m in Sources */ = {isa = PBXBuildFile; fileRef = 89097CB815799F2C00913B9E /* NSString+MKNetworkKitAdditions.m */; };
		89097D0015799F2C00913B9E /* UIAlertView+MKNetworkKitAdditions.m in Sources */ = {isa = PBXBuildFile; fileRef = 89097CBA15799F2C00913B9E /* UIAlertView+MKNetworkKitAdditions.m */; };
		89097D0115799F2C00913B9E /* MKNetworkEngine.m in Sources */ = {isa = PBXBuildFile; fileRef = 89097CBC15799F2C00913B9E /* MKNetworkEngine.m */; };
		89097D0215799F2C00913B9E /* MKNetworkOperation.m in Sources */ = {isa = PBXBuildFile; fileRef = 89097CBF15799F2C00913B9E /* MKNetworkOperation.m */; };
		89097D0315799F2C00913B9E /* Reachability.m in Sources */ = {isa = PBXBuildFile; fileRef = 89097CC215799F2C00913B9E /* Reachability.m */; };
		89097D0415799F2C00913B9E /* MKNetworkKit.xcworkspace in Resources */ = {isa = PBXBuildFile; fileRef = 89097CCF15799F2C00913B9E /* MKNetworkKit.xcworkspace */; };
		89097D0515799F2C00913B9E /* README.mdown in Resources */ = {isa = PBXBuildFile; fileRef = 89097CD015799F2C00913B9E /* README.mdown */; };
		89097D0615799F2C00913B9E /* SampleImage.jpg in Resources */ = {isa = PBXBuildFile; fileRef = 89097CD115799F2C00913B9E /* SampleImage.jpg */; };
		89097D0715799F2C00913B9E /* basic_auth.php in Resources */ = {isa = PBXBuildFile; fileRef = 89097CD315799F2C00913B9E /* basic_auth.php */; };
		89097D0815799F2C00913B9E /* digest_auth.php in Resources */ = {isa = PBXBuildFile; fileRef = 89097CD415799F2C00913B9E /* digest_auth.php */; };
		89097D1815799F8800913B9E /* CFNetwork.framework in Frameworks */ = {isa = PBXBuildFile; fileRef = 89097D1715799F8800913B9E /* CFNetwork.framework */; };
		89097D1A15799F9100913B9E /* SystemConfiguration.framework in Frameworks */ = {isa = PBXBuildFile; fileRef = 89097D1915799F9100913B9E /* SystemConfiguration.framework */; };
		89097D1C1579A0F500913B9E /* Security.framework in Frameworks */ = {isa = PBXBuildFile; fileRef = 89097D1B1579A0F500913B9E /* Security.framework */; };
		89097E761579A80400913B9E /* Model.xcdatamodeld in Sources */ = {isa = PBXBuildFile; fileRef = 89097E741579A80400913B9E /* Model.xcdatamodeld */; };
		89097E8A1579B36300913B9E /* Group.m in Sources */ = {isa = PBXBuildFile; fileRef = 89097E821579B36300913B9E /* Group.m */; };
		89097E8B1579B36300913B9E /* Member.m in Sources */ = {isa = PBXBuildFile; fileRef = 89097E841579B36300913B9E /* Member.m */; };
		89097E8C1579B36300913B9E /* _Group.m in Sources */ = {isa = PBXBuildFile; fileRef = 89097E871579B36300913B9E /* _Group.m */; };
		89097E8D1579B36300913B9E /* _Member.m in Sources */ = {isa = PBXBuildFile; fileRef = 89097E891579B36300913B9E /* _Member.m */; };
		89097E941579C2F500913B9E /* Model.m in Sources */ = {isa = PBXBuildFile; fileRef = 89097E931579C2F400913B9E /* Model.m */; };
		89097EA11579C4EB00913B9E /* AppDelegate.m in Sources */ = {isa = PBXBuildFile; fileRef = 89097E9D1579C4EB00913B9E /* AppDelegate.m */; };
		89097EA21579C4EB00913B9E /* main.m in Sources */ = {isa = PBXBuildFile; fileRef = 89097E9E1579C4EB00913B9E /* main.m */; };
		89097EB31579C5BA00913B9E /* NSFileManager+DirectoryLocations.m in Sources */ = {isa = PBXBuildFile; fileRef = 89097EA61579C5BA00913B9E /* NSFileManager+DirectoryLocations.m */; };
		89097EB41579C5BA00913B9E /* UIColor+Extensions.m in Sources */ = {isa = PBXBuildFile; fileRef = 89097EA81579C5BA00913B9E /* UIColor+Extensions.m */; };
		89097EB51579C5BA00913B9E /* Appearances.m in Sources */ = {isa = PBXBuildFile; fileRef = 89097EAB1579C5BA00913B9E /* Appearances.m */; };
		89097EB61579C5BA00913B9E /* Constants.m in Sources */ = {isa = PBXBuildFile; fileRef = 89097EAD1579C5BA00913B9E /* Constants.m */; };
		89097EB81579C5BA00913B9E /* SettingsHelper.m in Sources */ = {isa = PBXBuildFile; fileRef = 89097EB21579C5BA00913B9E /* SettingsHelper.m */; };
		892D00BF1579CE3300C94388 /* ModelObject.m in Sources */ = {isa = PBXBuildFile; fileRef = 892D00BD1579CCF800C94388 /* ModelObject.m */; };
		892D00D41579DB4F00C94388 /* StoryboardiPhone.storyboard in Resources */ = {isa = PBXBuildFile; fileRef = 892D00D31579DB4F00C94388 /* StoryboardiPhone.storyboard */; };
		892D00D61579DB5C00C94388 /* StoryboardiPad.storyboard in Resources */ = {isa = PBXBuildFile; fileRef = 892D00D51579DB5C00C94388 /* StoryboardiPad.storyboard */; };
		892D01231579DE4900C94388 /* NSError+Factory.m in Sources */ = {isa = PBXBuildFile; fileRef = 892D01221579DE4800C94388 /* NSError+Factory.m */; };
		892D0128158049F200C94388 /* Command.m in Sources */ = {isa = PBXBuildFile; fileRef = 892D0127158049F200C94388 /* Command.m */; };
		892D012B15804F5C00C94388 /* TSCommandRunner.m in Sources */ = {isa = PBXBuildFile; fileRef = 892D012A15804F5B00C94388 /* TSCommandRunner.m */; };
		892D012F1580524800C94388 /* GroupEditCommand.m in Sources */ = {isa = PBXBuildFile; fileRef = 892D012E1580524800C94388 /* GroupEditCommand.m */; };
		892D018815815CFB00C94388 /* AsynchronousCommand.m in Sources */ = {isa = PBXBuildFile; fileRef = 892D018715815CFA00C94388 /* AsynchronousCommand.m */; };
		892D018B158410F800C94388 /* GroupCommand.m in Sources */ = {isa = PBXBuildFile; fileRef = 892D018A158410F800C94388 /* GroupCommand.m */; };
		892D018F1584144D00C94388 /* MemberCommand.m in Sources */ = {isa = PBXBuildFile; fileRef = 892D018E1584144D00C94388 /* MemberCommand.m */; };
		892D0192158415FC00C94388 /* MemberDisplayCommand.m in Sources */ = {isa = PBXBuildFile; fileRef = 892D0191158415FC00C94388 /* MemberDisplayCommand.m */; };
		892D01A01584622C00C94388 /* TwitterEngine.m in Sources */ = {isa = PBXBuildFile; fileRef = 892D019F1584622C00C94388 /* TwitterEngine.m */; };
		892D01AA15847F0600C94388 /* TwitterCommand.m in Sources */ = {isa = PBXBuildFile; fileRef = 892D01A915847F0600C94388 /* TwitterCommand.m */; };
		892D01B71584A45A00C94388 /* TwitterEntity.m in Sources */ = {isa = PBXBuildFile; fileRef = 892D01B41584A1CE00C94388 /* TwitterEntity.m */; };
		892D01B81584A47500C94388 /* Tweet.m in Sources */ = {isa = PBXBuildFile; fileRef = 892D01B21584A1CE00C94388 /* Tweet.m */; };
		892D01B91584A48100C94388 /* _Tweet.m in Sources */ = {isa = PBXBuildFile; fileRef = 892D01AC1584A1C700C94388 /* _Tweet.m */; };
		892D01BA1584A48B00C94388 /* _TwitterEntity.m in Sources */ = {isa = PBXBuildFile; fileRef = 892D01AE1584A1C700C94388 /* _TwitterEntity.m */; };
		DD051170159C2FE200CDB1F5 /* TSAsynchronousOperationTest.m in Sources */ = {isa = PBXBuildFile; fileRef = DD05116F159C2FE200CDB1F5 /* TSAsynchronousOperationTest.m */; };
		DD05117D159C34D700CDB1F5 /* TSGroupTest.m in Sources */ = {isa = PBXBuildFile; fileRef = DD05117C159C34D700CDB1F5 /* TSGroupTest.m */; };
/* End PBXBuildFile section */

/* Begin PBXContainerItemProxy section */
		89097C6415799DFF00913B9E /* PBXContainerItemProxy */ = {
			isa = PBXContainerItemProxy;
			containerPortal = 89097C3B15799DFF00913B9E /* Project object */;
			proxyType = 1;
			remoteGlobalIDString = 89097C4315799DFF00913B9E;
			remoteInfo = TSBoilerplate;
		};
		89097D0D15799F2C00913B9E /* PBXContainerItemProxy */ = {
			isa = PBXContainerItemProxy;
			containerPortal = 89097CC615799F2C00913B9E /* MKNetworkKit-iOS.xcodeproj */;
			proxyType = 2;
			remoteGlobalIDString = ABB5C25C148B3AE00056D3E9;
			remoteInfo = "MKNetworkKit-iOS";
		};
/* End PBXContainerItemProxy section */

/* Begin PBXFileReference section */
		89097C4415799DFF00913B9E /* TSBoilerplate.app */ = {isa = PBXFileReference; explicitFileType = wrapper.application; includeInIndex = 0; path = TSBoilerplate.app; sourceTree = BUILT_PRODUCTS_DIR; };
		89097C4815799DFF00913B9E /* UIKit.framework */ = {isa = PBXFileReference; lastKnownFileType = wrapper.framework; name = UIKit.framework; path = System/Library/Frameworks/UIKit.framework; sourceTree = SDKROOT; };
		89097C4A15799DFF00913B9E /* Foundation.framework */ = {isa = PBXFileReference; lastKnownFileType = wrapper.framework; name = Foundation.framework; path = System/Library/Frameworks/Foundation.framework; sourceTree = SDKROOT; };
		89097C4C15799DFF00913B9E /* CoreGraphics.framework */ = {isa = PBXFileReference; lastKnownFileType = wrapper.framework; name = CoreGraphics.framework; path = System/Library/Frameworks/CoreGraphics.framework; sourceTree = SDKROOT; };
		89097C5F15799DFF00913B9E /* TSBoilerplateTests.octest */ = {isa = PBXFileReference; explicitFileType = wrapper.cfbundle; includeInIndex = 0; path = TSBoilerplateTests.octest; sourceTree = BUILT_PRODUCTS_DIR; };
		89097C6015799DFF00913B9E /* SenTestingKit.framework */ = {isa = PBXFileReference; lastKnownFileType = wrapper.framework; name = SenTestingKit.framework; path = Library/Frameworks/SenTestingKit.framework; sourceTree = DEVELOPER_DIR; };
		89097C6815799DFF00913B9E /* TSBoilerplateTests-Info.plist */ = {isa = PBXFileReference; lastKnownFileType = text.plist.xml; path = "TSBoilerplateTests-Info.plist"; sourceTree = "<group>"; };
		89097C6A15799DFF00913B9E /* en */ = {isa = PBXFileReference; lastKnownFileType = text.plist.strings; name = en; path = en.lproj/InfoPlist.strings; sourceTree = "<group>"; };
		89097C6C15799DFF00913B9E /* TSTwitterTest.h */ = {isa = PBXFileReference; lastKnownFileType = sourcecode.c.h; path = TSTwitterTest.h; sourceTree = "<group>"; };
		89097C6D15799DFF00913B9E /* TSTwitterTest.m */ = {isa = PBXFileReference; lastKnownFileType = sourcecode.c.objc; path = TSTwitterTest.m; sourceTree = "<group>"; };
		89097C7A15799F2C00913B9E /* .gitignore */ = {isa = PBXFileReference; fileEncoding = 4; lastKnownFileType = text; path = .gitignore; sourceTree = "<group>"; };
		89097CAF15799F2C00913B9E /* NSAlert+MKNetworkKitAdditions.h */ = {isa = PBXFileReference; fileEncoding = 4; lastKnownFileType = sourcecode.c.h; path = "NSAlert+MKNetworkKitAdditions.h"; sourceTree = "<group>"; };
		89097CB015799F2C00913B9E /* NSAlert+MKNetworkKitAdditions.m */ = {isa = PBXFileReference; fileEncoding = 4; lastKnownFileType = sourcecode.c.objc; path = "NSAlert+MKNetworkKitAdditions.m"; sourceTree = "<group>"; };
		89097CB115799F2C00913B9E /* NSData+Base64.h */ = {isa = PBXFileReference; fileEncoding = 4; lastKnownFileType = sourcecode.c.h; path = "NSData+Base64.h"; sourceTree = "<group>"; };
		89097CB215799F2C00913B9E /* NSData+Base64.m */ = {isa = PBXFileReference; fileEncoding = 4; lastKnownFileType = sourcecode.c.objc; path = "NSData+Base64.m"; sourceTree = "<group>"; };
		89097CB315799F2C00913B9E /* NSDate+RFC1123.h */ = {isa = PBXFileReference; fileEncoding = 4; lastKnownFileType = sourcecode.c.h; path = "NSDate+RFC1123.h"; sourceTree = "<group>"; };
		89097CB415799F2C00913B9E /* NSDate+RFC1123.m */ = {isa = PBXFileReference; fileEncoding = 4; lastKnownFileType = sourcecode.c.objc; path = "NSDate+RFC1123.m"; sourceTree = "<group>"; };
		89097CB515799F2C00913B9E /* NSDictionary+RequestEncoding.h */ = {isa = PBXFileReference; fileEncoding = 4; lastKnownFileType = sourcecode.c.h; path = "NSDictionary+RequestEncoding.h"; sourceTree = "<group>"; };
		89097CB615799F2C00913B9E /* NSDictionary+RequestEncoding.m */ = {isa = PBXFileReference; fileEncoding = 4; lastKnownFileType = sourcecode.c.objc; path = "NSDictionary+RequestEncoding.m"; sourceTree = "<group>"; };
		89097CB715799F2C00913B9E /* NSString+MKNetworkKitAdditions.h */ = {isa = PBXFileReference; fileEncoding = 4; lastKnownFileType = sourcecode.c.h; path = "NSString+MKNetworkKitAdditions.h"; sourceTree = "<group>"; };
		89097CB815799F2C00913B9E /* NSString+MKNetworkKitAdditions.m */ = {isa = PBXFileReference; fileEncoding = 4; lastKnownFileType = sourcecode.c.objc; path = "NSString+MKNetworkKitAdditions.m"; sourceTree = "<group>"; };
		89097CB915799F2C00913B9E /* UIAlertView+MKNetworkKitAdditions.h */ = {isa = PBXFileReference; fileEncoding = 4; lastKnownFileType = sourcecode.c.h; path = "UIAlertView+MKNetworkKitAdditions.h"; sourceTree = "<group>"; };
		89097CBA15799F2C00913B9E /* UIAlertView+MKNetworkKitAdditions.m */ = {isa = PBXFileReference; fileEncoding = 4; lastKnownFileType = sourcecode.c.objc; path = "UIAlertView+MKNetworkKitAdditions.m"; sourceTree = "<group>"; };
		89097CBB15799F2C00913B9E /* MKNetworkEngine.h */ = {isa = PBXFileReference; fileEncoding = 4; lastKnownFileType = sourcecode.c.h; path = MKNetworkEngine.h; sourceTree = "<group>"; };
		89097CBC15799F2C00913B9E /* MKNetworkEngine.m */ = {isa = PBXFileReference; fileEncoding = 4; lastKnownFileType = sourcecode.c.objc; path = MKNetworkEngine.m; sourceTree = "<group>"; };
		89097CBD15799F2C00913B9E /* MKNetworkKit.h */ = {isa = PBXFileReference; fileEncoding = 4; lastKnownFileType = sourcecode.c.h; path = MKNetworkKit.h; sourceTree = "<group>"; };
		89097CBE15799F2C00913B9E /* MKNetworkOperation.h */ = {isa = PBXFileReference; fileEncoding = 4; lastKnownFileType = sourcecode.c.h; path = MKNetworkOperation.h; sourceTree = "<group>"; };
		89097CBF15799F2C00913B9E /* MKNetworkOperation.m */ = {isa = PBXFileReference; fileEncoding = 4; lastKnownFileType = sourcecode.c.objc; path = MKNetworkOperation.m; sourceTree = "<group>"; };
		89097CC115799F2C00913B9E /* Reachability.h */ = {isa = PBXFileReference; fileEncoding = 4; lastKnownFileType = sourcecode.c.h; path = Reachability.h; sourceTree = "<group>"; };
		89097CC215799F2C00913B9E /* Reachability.m */ = {isa = PBXFileReference; fileEncoding = 4; lastKnownFileType = sourcecode.c.objc; path = Reachability.m; sourceTree = "<group>"; };
		89097CC515799F2C00913B9E /* MKNetworkKit-iOS-Prefix.pch */ = {isa = PBXFileReference; fileEncoding = 4; lastKnownFileType = sourcecode.c.h; path = "MKNetworkKit-iOS-Prefix.pch"; sourceTree = "<group>"; };
		89097CC615799F2C00913B9E /* MKNetworkKit-iOS.xcodeproj */ = {isa = PBXFileReference; lastKnownFileType = "wrapper.pb-project"; path = "MKNetworkKit-iOS.xcodeproj"; sourceTree = "<group>"; };
		89097CCF15799F2C00913B9E /* MKNetworkKit.xcworkspace */ = {isa = PBXFileReference; lastKnownFileType = wrapper.workspace; path = MKNetworkKit.xcworkspace; sourceTree = "<group>"; };
		89097CD015799F2C00913B9E /* README.mdown */ = {isa = PBXFileReference; fileEncoding = 4; lastKnownFileType = text; path = README.mdown; sourceTree = "<group>"; };
		89097CD115799F2C00913B9E /* SampleImage.jpg */ = {isa = PBXFileReference; lastKnownFileType = image.jpeg; path = SampleImage.jpg; sourceTree = "<group>"; };
		89097CD315799F2C00913B9E /* basic_auth.php */ = {isa = PBXFileReference; fileEncoding = 4; lastKnownFileType = text.script.php; path = basic_auth.php; sourceTree = "<group>"; };
		89097CD415799F2C00913B9E /* digest_auth.php */ = {isa = PBXFileReference; fileEncoding = 4; lastKnownFileType = text.script.php; path = digest_auth.php; sourceTree = "<group>"; };
		89097D1715799F8800913B9E /* CFNetwork.framework */ = {isa = PBXFileReference; lastKnownFileType = wrapper.framework; name = CFNetwork.framework; path = System/Library/Frameworks/CFNetwork.framework; sourceTree = SDKROOT; };
		89097D1915799F9100913B9E /* SystemConfiguration.framework */ = {isa = PBXFileReference; lastKnownFileType = wrapper.framework; name = SystemConfiguration.framework; path = System/Library/Frameworks/SystemConfiguration.framework; sourceTree = SDKROOT; };
		89097D1B1579A0F500913B9E /* Security.framework */ = {isa = PBXFileReference; lastKnownFileType = wrapper.framework; name = Security.framework; path = System/Library/Frameworks/Security.framework; sourceTree = SDKROOT; };
		89097E751579A80400913B9E /* Model.xcdatamodel */ = {isa = PBXFileReference; lastKnownFileType = wrapper.xcdatamodel; path = Model.xcdatamodel; sourceTree = "<group>"; };
		89097E811579B36300913B9E /* Group.h */ = {isa = PBXFileReference; fileEncoding = 4; lastKnownFileType = sourcecode.c.h; path = Group.h; sourceTree = "<group>"; };
		89097E821579B36300913B9E /* Group.m */ = {isa = PBXFileReference; fileEncoding = 4; lastKnownFileType = sourcecode.c.objc; path = Group.m; sourceTree = "<group>"; };
		89097E831579B36300913B9E /* Member.h */ = {isa = PBXFileReference; fileEncoding = 4; lastKnownFileType = sourcecode.c.h; path = Member.h; sourceTree = "<group>"; };
		89097E841579B36300913B9E /* Member.m */ = {isa = PBXFileReference; fileEncoding = 4; lastKnownFileType = sourcecode.c.objc; path = Member.m; sourceTree = "<group>"; };
		89097E861579B36300913B9E /* _Group.h */ = {isa = PBXFileReference; fileEncoding = 4; lastKnownFileType = sourcecode.c.h; path = _Group.h; sourceTree = "<group>"; };
		89097E871579B36300913B9E /* _Group.m */ = {isa = PBXFileReference; fileEncoding = 4; lastKnownFileType = sourcecode.c.objc; path = _Group.m; sourceTree = "<group>"; };
		89097E881579B36300913B9E /* _Member.h */ = {isa = PBXFileReference; fileEncoding = 4; lastKnownFileType = sourcecode.c.h; path = _Member.h; sourceTree = "<group>"; };
		89097E891579B36300913B9E /* _Member.m */ = {isa = PBXFileReference; fileEncoding = 4; lastKnownFileType = sourcecode.c.objc; path = _Member.m; sourceTree = "<group>"; };
		89097E921579C2F400913B9E /* Model.h */ = {isa = PBXFileReference; fileEncoding = 4; lastKnownFileType = sourcecode.c.h; path = Model.h; sourceTree = "<group>"; };
		89097E931579C2F400913B9E /* Model.m */ = {isa = PBXFileReference; fileEncoding = 4; lastKnownFileType = sourcecode.c.objc; path = Model.m; sourceTree = "<group>"; };
		89097E9C1579C4EB00913B9E /* AppDelegate.h */ = {isa = PBXFileReference; fileEncoding = 4; lastKnownFileType = sourcecode.c.h; path = AppDelegate.h; sourceTree = "<group>"; };
		89097E9D1579C4EB00913B9E /* AppDelegate.m */ = {isa = PBXFileReference; fileEncoding = 4; lastKnownFileType = sourcecode.c.objc; path = AppDelegate.m; sourceTree = "<group>"; };
		89097E9E1579C4EB00913B9E /* main.m */ = {isa = PBXFileReference; fileEncoding = 4; lastKnownFileType = sourcecode.c.objc; path = main.m; sourceTree = "<group>"; };
		89097EA51579C5BA00913B9E /* NSFileManager+DirectoryLocations.h */ = {isa = PBXFileReference; fileEncoding = 4; lastKnownFileType = sourcecode.c.h; path = "NSFileManager+DirectoryLocations.h"; sourceTree = "<group>"; };
		89097EA61579C5BA00913B9E /* NSFileManager+DirectoryLocations.m */ = {isa = PBXFileReference; fileEncoding = 4; lastKnownFileType = sourcecode.c.objc; path = "NSFileManager+DirectoryLocations.m"; sourceTree = "<group>"; };
		89097EA71579C5BA00913B9E /* UIColor+Extensions.h */ = {isa = PBXFileReference; fileEncoding = 4; lastKnownFileType = sourcecode.c.h; path = "UIColor+Extensions.h"; sourceTree = "<group>"; };
		89097EA81579C5BA00913B9E /* UIColor+Extensions.m */ = {isa = PBXFileReference; fileEncoding = 4; lastKnownFileType = sourcecode.c.objc; path = "UIColor+Extensions.m"; sourceTree = "<group>"; };
		89097EAA1579C5BA00913B9E /* Appearances.h */ = {isa = PBXFileReference; fileEncoding = 4; lastKnownFileType = sourcecode.c.h; path = Appearances.h; sourceTree = "<group>"; };
		89097EAB1579C5BA00913B9E /* Appearances.m */ = {isa = PBXFileReference; fileEncoding = 4; lastKnownFileType = sourcecode.c.objc; path = Appearances.m; sourceTree = "<group>"; };
		89097EAC1579C5BA00913B9E /* Constants.h */ = {isa = PBXFileReference; fileEncoding = 4; lastKnownFileType = sourcecode.c.h; path = Constants.h; sourceTree = "<group>"; };
		89097EAD1579C5BA00913B9E /* Constants.m */ = {isa = PBXFileReference; fileEncoding = 4; lastKnownFileType = sourcecode.c.objc; path = Constants.m; sourceTree = "<group>"; };
		89097EB11579C5BA00913B9E /* SettingsHelper.h */ = {isa = PBXFileReference; fileEncoding = 4; lastKnownFileType = sourcecode.c.h; path = SettingsHelper.h; sourceTree = "<group>"; };
		89097EB21579C5BA00913B9E /* SettingsHelper.m */ = {isa = PBXFileReference; fileEncoding = 4; lastKnownFileType = sourcecode.c.objc; path = SettingsHelper.m; sourceTree = "<group>"; };
		892D00B91579C86D00C94388 /* TSBoilerplate-Info.plist */ = {isa = PBXFileReference; fileEncoding = 4; lastKnownFileType = text.plist.xml; name = "TSBoilerplate-Info.plist"; path = "TSBoilerplate/TSBoilerplate-Info.plist"; sourceTree = SOURCE_ROOT; };
		892D00BB1579C88500C94388 /* TSBoilerplate-Prefix.pch */ = {isa = PBXFileReference; fileEncoding = 4; lastKnownFileType = sourcecode.c.h; name = "TSBoilerplate-Prefix.pch"; path = "TSBoilerplate/TSBoilerplate-Prefix.pch"; sourceTree = SOURCE_ROOT; };
		892D00BC1579CCF800C94388 /* ModelObject.h */ = {isa = PBXFileReference; fileEncoding = 4; lastKnownFileType = sourcecode.c.h; path = ModelObject.h; sourceTree = "<group>"; };
		892D00BD1579CCF800C94388 /* ModelObject.m */ = {isa = PBXFileReference; fileEncoding = 4; lastKnownFileType = sourcecode.c.objc; path = ModelObject.m; sourceTree = "<group>"; };
		892D00D31579DB4F00C94388 /* StoryboardiPhone.storyboard */ = {isa = PBXFileReference; fileEncoding = 4; lastKnownFileType = file.storyboard; path = StoryboardiPhone.storyboard; sourceTree = "<group>"; };
		892D00D51579DB5C00C94388 /* StoryboardiPad.storyboard */ = {isa = PBXFileReference; fileEncoding = 4; lastKnownFileType = file.storyboard; path = StoryboardiPad.storyboard; sourceTree = "<group>"; };
		892D01211579DE4800C94388 /* NSError+Factory.h */ = {isa = PBXFileReference; fileEncoding = 4; lastKnownFileType = sourcecode.c.h; path = "NSError+Factory.h"; sourceTree = "<group>"; };
		892D01221579DE4800C94388 /* NSError+Factory.m */ = {isa = PBXFileReference; fileEncoding = 4; lastKnownFileType = sourcecode.c.objc; path = "NSError+Factory.m"; sourceTree = "<group>"; };
		892D0126158049F200C94388 /* Command.h */ = {isa = PBXFileReference; fileEncoding = 4; lastKnownFileType = sourcecode.c.h; path = Command.h; sourceTree = "<group>"; };
		892D0127158049F200C94388 /* Command.m */ = {isa = PBXFileReference; fileEncoding = 4; lastKnownFileType = sourcecode.c.objc; path = Command.m; sourceTree = "<group>"; };
		892D012915804F5B00C94388 /* TSCommandRunner.h */ = {isa = PBXFileReference; fileEncoding = 4; lastKnownFileType = sourcecode.c.h; path = TSCommandRunner.h; sourceTree = "<group>"; };
		892D012A15804F5B00C94388 /* TSCommandRunner.m */ = {isa = PBXFileReference; fileEncoding = 4; lastKnownFileType = sourcecode.c.objc; path = TSCommandRunner.m; sourceTree = "<group>"; };
		892D012D1580524800C94388 /* GroupEditCommand.h */ = {isa = PBXFileReference; fileEncoding = 4; lastKnownFileType = sourcecode.c.h; path = GroupEditCommand.h; sourceTree = "<group>"; };
		892D012E1580524800C94388 /* GroupEditCommand.m */ = {isa = PBXFileReference; fileEncoding = 4; lastKnownFileType = sourcecode.c.objc; path = GroupEditCommand.m; sourceTree = "<group>"; };
		892D018615815CFA00C94388 /* AsynchronousCommand.h */ = {isa = PBXFileReference; fileEncoding = 4; lastKnownFileType = sourcecode.c.h; path = AsynchronousCommand.h; sourceTree = "<group>"; };
		892D018715815CFA00C94388 /* AsynchronousCommand.m */ = {isa = PBXFileReference; fileEncoding = 4; lastKnownFileType = sourcecode.c.objc; path = AsynchronousCommand.m; sourceTree = "<group>"; };
		892D0189158410F700C94388 /* GroupCommand.h */ = {isa = PBXFileReference; fileEncoding = 4; lastKnownFileType = sourcecode.c.h; path = GroupCommand.h; sourceTree = "<group>"; };
		892D018A158410F800C94388 /* GroupCommand.m */ = {isa = PBXFileReference; fileEncoding = 4; lastKnownFileType = sourcecode.c.objc; path = GroupCommand.m; sourceTree = "<group>"; };
		892D018D1584144D00C94388 /* MemberCommand.h */ = {isa = PBXFileReference; fileEncoding = 4; lastKnownFileType = sourcecode.c.h; path = MemberCommand.h; sourceTree = "<group>"; };
		892D018E1584144D00C94388 /* MemberCommand.m */ = {isa = PBXFileReference; fileEncoding = 4; lastKnownFileType = sourcecode.c.objc; path = MemberCommand.m; sourceTree = "<group>"; };
		892D0190158415FC00C94388 /* MemberDisplayCommand.h */ = {isa = PBXFileReference; fileEncoding = 4; lastKnownFileType = sourcecode.c.h; path = MemberDisplayCommand.h; sourceTree = "<group>"; };
		892D0191158415FC00C94388 /* MemberDisplayCommand.m */ = {isa = PBXFileReference; fileEncoding = 4; lastKnownFileType = sourcecode.c.objc; path = MemberDisplayCommand.m; sourceTree = "<group>"; };
		892D019E1584622C00C94388 /* TwitterEngine.h */ = {isa = PBXFileReference; fileEncoding = 4; lastKnownFileType = sourcecode.c.h; path = TwitterEngine.h; sourceTree = "<group>"; };
		892D019F1584622C00C94388 /* TwitterEngine.m */ = {isa = PBXFileReference; fileEncoding = 4; lastKnownFileType = sourcecode.c.objc; path = TwitterEngine.m; sourceTree = "<group>"; };
		892D01A815847F0600C94388 /* TwitterCommand.h */ = {isa = PBXFileReference; fileEncoding = 4; lastKnownFileType = sourcecode.c.h; path = TwitterCommand.h; sourceTree = "<group>"; };
		892D01A915847F0600C94388 /* TwitterCommand.m */ = {isa = PBXFileReference; fileEncoding = 4; lastKnownFileType = sourcecode.c.objc; path = TwitterCommand.m; sourceTree = "<group>"; };
		892D01AB1584A1C700C94388 /* _Tweet.h */ = {isa = PBXFileReference; fileEncoding = 4; lastKnownFileType = sourcecode.c.h; path = _Tweet.h; sourceTree = "<group>"; };
		892D01AC1584A1C700C94388 /* _Tweet.m */ = {isa = PBXFileReference; fileEncoding = 4; lastKnownFileType = sourcecode.c.objc; path = _Tweet.m; sourceTree = "<group>"; };
		892D01AD1584A1C700C94388 /* _TwitterEntity.h */ = {isa = PBXFileReference; fileEncoding = 4; lastKnownFileType = sourcecode.c.h; path = _TwitterEntity.h; sourceTree = "<group>"; };
		892D01AE1584A1C700C94388 /* _TwitterEntity.m */ = {isa = PBXFileReference; fileEncoding = 4; lastKnownFileType = sourcecode.c.objc; path = _TwitterEntity.m; sourceTree = "<group>"; };
		892D01B11584A1CE00C94388 /* Tweet.h */ = {isa = PBXFileReference; fileEncoding = 4; lastKnownFileType = sourcecode.c.h; path = Tweet.h; sourceTree = "<group>"; };
		892D01B21584A1CE00C94388 /* Tweet.m */ = {isa = PBXFileReference; fileEncoding = 4; lastKnownFileType = sourcecode.c.objc; path = Tweet.m; sourceTree = "<group>"; };
		892D01B31584A1CE00C94388 /* TwitterEntity.h */ = {isa = PBXFileReference; fileEncoding = 4; lastKnownFileType = sourcecode.c.h; path = TwitterEntity.h; sourceTree = "<group>"; };
		892D01B41584A1CE00C94388 /* TwitterEntity.m */ = {isa = PBXFileReference; fileEncoding = 4; lastKnownFileType = sourcecode.c.objc; path = TwitterEntity.m; sourceTree = "<group>"; };
		DD05116E159C2FE200CDB1F5 /* TSAsynchronousOperationTest.h */ = {isa = PBXFileReference; fileEncoding = 4; lastKnownFileType = sourcecode.c.h; path = TSAsynchronousOperationTest.h; sourceTree = "<group>"; };
		DD05116F159C2FE200CDB1F5 /* TSAsynchronousOperationTest.m */ = {isa = PBXFileReference; fileEncoding = 4; lastKnownFileType = sourcecode.c.objc; path = TSAsynchronousOperationTest.m; sourceTree = "<group>"; };
		DD05117B159C34D700CDB1F5 /* TSGroupTest.h */ = {isa = PBXFileReference; fileEncoding = 4; lastKnownFileType = sourcecode.c.h; path = TSGroupTest.h; sourceTree = "<group>"; };
		DD05117C159C34D700CDB1F5 /* TSGroupTest.m */ = {isa = PBXFileReference; fileEncoding = 4; lastKnownFileType = sourcecode.c.objc; path = TSGroupTest.m; sourceTree = "<group>"; };
/* End PBXFileReference section */

/* Begin PBXFrameworksBuildPhase section */
		89097C4115799DFF00913B9E /* Frameworks */ = {
			isa = PBXFrameworksBuildPhase;
			buildActionMask = 2147483647;
			files = (
				89097D1C1579A0F500913B9E /* Security.framework in Frameworks */,
				89097D1A15799F9100913B9E /* SystemConfiguration.framework in Frameworks */,
				89097D1815799F8800913B9E /* CFNetwork.framework in Frameworks */,
				89097C4915799DFF00913B9E /* UIKit.framework in Frameworks */,
				89097C4B15799DFF00913B9E /* Foundation.framework in Frameworks */,
				89097C4D15799DFF00913B9E /* CoreGraphics.framework in Frameworks */,
			);
			runOnlyForDeploymentPostprocessing = 0;
		};
		89097C5B15799DFF00913B9E /* Frameworks */ = {
			isa = PBXFrameworksBuildPhase;
			buildActionMask = 2147483647;
			files = (
				89097C6115799DFF00913B9E /* SenTestingKit.framework in Frameworks */,
				89097C6215799DFF00913B9E /* UIKit.framework in Frameworks */,
				89097C6315799DFF00913B9E /* Foundation.framework in Frameworks */,
			);
			runOnlyForDeploymentPostprocessing = 0;
		};
/* End PBXFrameworksBuildPhase section */

/* Begin PBXGroup section */
		89097C3915799DFF00913B9E = {
			isa = PBXGroup;
			children = (
				89097C4E15799DFF00913B9E /* TSBoilerplate */,
				89097E9B1579C4EB00913B9E /* Supporting Files */,
				89097C6615799DFF00913B9E /* TSBoilerplateTests */,
				89097C4715799DFF00913B9E /* Frameworks */,
				89097C4515799DFF00913B9E /* Products */,
			);
			sourceTree = "<group>";
		};
		89097C4515799DFF00913B9E /* Products */ = {
			isa = PBXGroup;
			children = (
				89097C4415799DFF00913B9E /* TSBoilerplate.app */,
				89097C5F15799DFF00913B9E /* TSBoilerplateTests.octest */,
			);
			name = Products;
			sourceTree = "<group>";
		};
		89097C4715799DFF00913B9E /* Frameworks */ = {
			isa = PBXGroup;
			children = (
				89097D1B1579A0F500913B9E /* Security.framework */,
				89097D1915799F9100913B9E /* SystemConfiguration.framework */,
				89097D1715799F8800913B9E /* CFNetwork.framework */,
				89097C4815799DFF00913B9E /* UIKit.framework */,
				89097C4A15799DFF00913B9E /* Foundation.framework */,
				89097C4C15799DFF00913B9E /* CoreGraphics.framework */,
				89097C6015799DFF00913B9E /* SenTestingKit.framework */,
			);
			name = Frameworks;
			sourceTree = "<group>";
		};
		89097C4E15799DFF00913B9E /* TSBoilerplate */ = {
			isa = PBXGroup;
			children = (
				89097CD515799F2C00913B9E /* Model */,
				89097CD615799F2C00913B9E /* View */,
				89097C7715799F2C00913B9E /* Controller */,
				89097C7815799F2C00913B9E /* External */,
				89097E951579C45F00913B9E /* Resources */,
			);
			path = TSBoilerplate;
			sourceTree = "<group>";
		};
		89097C6615799DFF00913B9E /* TSBoilerplateTests */ = {
			isa = PBXGroup;
			children = (
				89097C6715799DFF00913B9E /* Supporting Files */,
				DD05116E159C2FE200CDB1F5 /* TSAsynchronousOperationTest.h */,
				DD05116F159C2FE200CDB1F5 /* TSAsynchronousOperationTest.m */,
				89097C6C15799DFF00913B9E /* TSTwitterTest.h */,
				89097C6D15799DFF00913B9E /* TSTwitterTest.m */,
				DD05117B159C34D700CDB1F5 /* TSGroupTest.h */,
				DD05117C159C34D700CDB1F5 /* TSGroupTest.m */,
			);
			path = TSBoilerplateTests;
			sourceTree = "<group>";
		};
		89097C6715799DFF00913B9E /* Supporting Files */ = {
			isa = PBXGroup;
			children = (
				89097C6815799DFF00913B9E /* TSBoilerplateTests-Info.plist */,
				89097C6915799DFF00913B9E /* InfoPlist.strings */,
			);
			name = "Supporting Files";
			sourceTree = "<group>";
		};
		89097C7715799F2C00913B9E /* Controller */ = {
			isa = PBXGroup;
			children = (
				892D0124158049D900C94388 /* Application */,
			);
			path = Controller;
			sourceTree = "<group>";
		};
		89097C7815799F2C00913B9E /* External */ = {
			isa = PBXGroup;
			children = (
				89097C7915799F2C00913B9E /* MKNetworkKit */,
			);
			path = External;
			sourceTree = "<group>";
		};
		89097C7915799F2C00913B9E /* MKNetworkKit */ = {
			isa = PBXGroup;
			children = (
				89097C7A15799F2C00913B9E /* .gitignore */,
				89097CAD15799F2C00913B9E /* MKNetworkKit */,
				89097CC315799F2C00913B9E /* MKNetworkKit-iOS */,
				89097CCF15799F2C00913B9E /* MKNetworkKit.xcworkspace */,
				89097CD015799F2C00913B9E /* README.mdown */,
				89097CD115799F2C00913B9E /* SampleImage.jpg */,
				89097CD215799F2C00913B9E /* ServerTests */,
			);
			path = MKNetworkKit;
			sourceTree = "<group>";
		};
		89097CAD15799F2C00913B9E /* MKNetworkKit */ = {
			isa = PBXGroup;
			children = (
				89097CAE15799F2C00913B9E /* Categories */,
				89097CBB15799F2C00913B9E /* MKNetworkEngine.h */,
				89097CBC15799F2C00913B9E /* MKNetworkEngine.m */,
				89097CBD15799F2C00913B9E /* MKNetworkKit.h */,
				89097CBE15799F2C00913B9E /* MKNetworkOperation.h */,
				89097CBF15799F2C00913B9E /* MKNetworkOperation.m */,
				89097CC015799F2C00913B9E /* Reachability */,
			);
			path = MKNetworkKit;
			sourceTree = "<group>";
		};
		89097CAE15799F2C00913B9E /* Categories */ = {
			isa = PBXGroup;
			children = (
				89097CAF15799F2C00913B9E /* NSAlert+MKNetworkKitAdditions.h */,
				89097CB015799F2C00913B9E /* NSAlert+MKNetworkKitAdditions.m */,
				89097CB115799F2C00913B9E /* NSData+Base64.h */,
				89097CB215799F2C00913B9E /* NSData+Base64.m */,
				89097CB315799F2C00913B9E /* NSDate+RFC1123.h */,
				89097CB415799F2C00913B9E /* NSDate+RFC1123.m */,
				89097CB515799F2C00913B9E /* NSDictionary+RequestEncoding.h */,
				89097CB615799F2C00913B9E /* NSDictionary+RequestEncoding.m */,
				89097CB715799F2C00913B9E /* NSString+MKNetworkKitAdditions.h */,
				89097CB815799F2C00913B9E /* NSString+MKNetworkKitAdditions.m */,
				89097CB915799F2C00913B9E /* UIAlertView+MKNetworkKitAdditions.h */,
				89097CBA15799F2C00913B9E /* UIAlertView+MKNetworkKitAdditions.m */,
			);
			path = Categories;
			sourceTree = "<group>";
		};
		89097CC015799F2C00913B9E /* Reachability */ = {
			isa = PBXGroup;
			children = (
				89097CC115799F2C00913B9E /* Reachability.h */,
				89097CC215799F2C00913B9E /* Reachability.m */,
			);
			path = Reachability;
			sourceTree = "<group>";
		};
		89097CC315799F2C00913B9E /* MKNetworkKit-iOS */ = {
			isa = PBXGroup;
			children = (
				89097CC415799F2C00913B9E /* MKNetworkKit-iOS */,
				89097CC615799F2C00913B9E /* MKNetworkKit-iOS.xcodeproj */,
			);
			path = "MKNetworkKit-iOS";
			sourceTree = "<group>";
		};
		89097CC415799F2C00913B9E /* MKNetworkKit-iOS */ = {
			isa = PBXGroup;
			children = (
				89097CC515799F2C00913B9E /* MKNetworkKit-iOS-Prefix.pch */,
			);
			path = "MKNetworkKit-iOS";
			sourceTree = "<group>";
		};
		89097CC715799F2C00913B9E /* Products */ = {
			isa = PBXGroup;
			children = (
				89097D0E15799F2C00913B9E /* libMKNetworkKit-iOS.a */,
			);
			name = Products;
			sourceTree = "<group>";
		};
		89097CD215799F2C00913B9E /* ServerTests */ = {
			isa = PBXGroup;
			children = (
				89097CD315799F2C00913B9E /* basic_auth.php */,
				89097CD415799F2C00913B9E /* digest_auth.php */,
			);
			path = ServerTests;
			sourceTree = "<group>";
		};
		89097CD515799F2C00913B9E /* Model */ = {
			isa = PBXGroup;
			children = (
				89097E921579C2F400913B9E /* Model.h */,
				89097E931579C2F400913B9E /* Model.m */,
				892D00BC1579CCF800C94388 /* ModelObject.h */,
				892D00BD1579CCF800C94388 /* ModelObject.m */,
				89097E721579A7F400913B9E /* CoreDataModel */,
				89097E731579A7F400913B9E /* ModelObjects */,
			);
			path = Model;
			sourceTree = "<group>";
		};
		89097CD615799F2C00913B9E /* View */ = {
			isa = PBXGroup;
			children = (
				892D00D21579DB3400C94388 /* Storyboard */,
			);
			path = View;
			sourceTree = "<group>";
		};
		89097E721579A7F400913B9E /* CoreDataModel */ = {
			isa = PBXGroup;
			children = (
				89097E741579A80400913B9E /* Model.xcdatamodeld */,
			);
			path = CoreDataModel;
			sourceTree = "<group>";
		};
		89097E731579A7F400913B9E /* ModelObjects */ = {
			isa = PBXGroup;
			children = (
				89097E801579B36300913B9E /* Human */,
				89097E851579B36300913B9E /* Machine */,
			);
			path = ModelObjects;
			sourceTree = "<group>";
		};
		89097E801579B36300913B9E /* Human */ = {
			isa = PBXGroup;
			children = (
				89097E811579B36300913B9E /* Group.h */,
				89097E821579B36300913B9E /* Group.m */,
				89097E831579B36300913B9E /* Member.h */,
				89097E841579B36300913B9E /* Member.m */,
				892D01B11584A1CE00C94388 /* Tweet.h */,
				892D01B21584A1CE00C94388 /* Tweet.m */,
				892D01B31584A1CE00C94388 /* TwitterEntity.h */,
				892D01B41584A1CE00C94388 /* TwitterEntity.m */,
			);
			path = Human;
			sourceTree = "<group>";
		};
		89097E851579B36300913B9E /* Machine */ = {
			isa = PBXGroup;
			children = (
				89097E861579B36300913B9E /* _Group.h */,
				89097E871579B36300913B9E /* _Group.m */,
				89097E881579B36300913B9E /* _Member.h */,
				89097E891579B36300913B9E /* _Member.m */,
				892D01AB1584A1C700C94388 /* _Tweet.h */,
				892D01AC1584A1C700C94388 /* _Tweet.m */,
				892D01AD1584A1C700C94388 /* _TwitterEntity.h */,
				892D01AE1584A1C700C94388 /* _TwitterEntity.m */,
			);
			path = Machine;
			sourceTree = "<group>";
		};
		89097E951579C45F00913B9E /* Resources */ = {
			isa = PBXGroup;
			children = (
				89097E961579C45F00913B9E /* images */,
			);
			path = Resources;
			sourceTree = "<group>";
		};
		89097E961579C45F00913B9E /* images */ = {
			isa = PBXGroup;
			children = (
			);
			path = images;
			sourceTree = "<group>";
		};
		89097E9B1579C4EB00913B9E /* Supporting Files */ = {
			isa = PBXGroup;
			children = (
				89097EA41579C5BA00913B9E /* Categories */,
				89097EA91579C5BA00913B9E /* Constants */,
				89097EAE1579C5BA00913B9E /* Helpers */,
				89097E9C1579C4EB00913B9E /* AppDelegate.h */,
				89097E9D1579C4EB00913B9E /* AppDelegate.m */,
				89097E9E1579C4EB00913B9E /* main.m */,
				892D00B91579C86D00C94388 /* TSBoilerplate-Info.plist */,
				892D00BB1579C88500C94388 /* TSBoilerplate-Prefix.pch */,
			);
			name = "Supporting Files";
			path = "TSBoilerplate/Supporting Files";
			sourceTree = "<group>";
		};
		89097EA41579C5BA00913B9E /* Categories */ = {
			isa = PBXGroup;
			children = (
				89097EA51579C5BA00913B9E /* NSFileManager+DirectoryLocations.h */,
				89097EA61579C5BA00913B9E /* NSFileManager+DirectoryLocations.m */,
				89097EA71579C5BA00913B9E /* UIColor+Extensions.h */,
				89097EA81579C5BA00913B9E /* UIColor+Extensions.m */,
				892D01211579DE4800C94388 /* NSError+Factory.h */,
				892D01221579DE4800C94388 /* NSError+Factory.m */,
			);
			path = Categories;
			sourceTree = "<group>";
		};
		89097EA91579C5BA00913B9E /* Constants */ = {
			isa = PBXGroup;
			children = (
				89097EAA1579C5BA00913B9E /* Appearances.h */,
				89097EAB1579C5BA00913B9E /* Appearances.m */,
				89097EAC1579C5BA00913B9E /* Constants.h */,
				89097EAD1579C5BA00913B9E /* Constants.m */,
			);
			path = Constants;
			sourceTree = "<group>";
		};
		89097EAE1579C5BA00913B9E /* Helpers */ = {
			isa = PBXGroup;
			children = (
				89097EB11579C5BA00913B9E /* SettingsHelper.h */,
				89097EB21579C5BA00913B9E /* SettingsHelper.m */,
			);
			path = Helpers;
			sourceTree = "<group>";
		};
		892D00D21579DB3400C94388 /* Storyboard */ = {
			isa = PBXGroup;
			children = (
				892D00D31579DB4F00C94388 /* StoryboardiPhone.storyboard */,
				892D00D51579DB5C00C94388 /* StoryboardiPad.storyboard */,
			);
			path = Storyboard;
			sourceTree = "<group>";
		};
		892D0124158049D900C94388 /* Application */ = {
			isa = PBXGroup;
			children = (
				892D0125158049D900C94388 /* Commands */,
			);
			path = Application;
			sourceTree = "<group>";
		};
		892D0125158049D900C94388 /* Commands */ = {
			isa = PBXGroup;
			children = (
				892D0126158049F200C94388 /* Command.h */,
				892D0127158049F200C94388 /* Command.m */,
				892D018615815CFA00C94388 /* AsynchronousCommand.h */,
				892D018715815CFA00C94388 /* AsynchronousCommand.m */,
				892D012915804F5B00C94388 /* TSCommandRunner.h */,
				892D012A15804F5B00C94388 /* TSCommandRunner.m */,
				892D019D15845F0600C94388 /* Webservices */,
				892D018C1584144000C94388 /* Member */,
				892D012C158051BB00C94388 /* Group */,
			);
			path = Commands;
			sourceTree = "<group>";
		};
		892D012C158051BB00C94388 /* Group */ = {
			isa = PBXGroup;
			children = (
				892D0189158410F700C94388 /* GroupCommand.h */,
				892D018A158410F800C94388 /* GroupCommand.m */,
				892D012D1580524800C94388 /* GroupEditCommand.h */,
				892D012E1580524800C94388 /* GroupEditCommand.m */,
			);
			path = Group;
			sourceTree = "<group>";
		};
		892D018C1584144000C94388 /* Member */ = {
			isa = PBXGroup;
			children = (
				892D018D1584144D00C94388 /* MemberCommand.h */,
				892D018E1584144D00C94388 /* MemberCommand.m */,
				892D0190158415FC00C94388 /* MemberDisplayCommand.h */,
				892D0191158415FC00C94388 /* MemberDisplayCommand.m */,
			);
			path = Member;
			sourceTree = "<group>";
		};
		892D019D15845F0600C94388 /* Webservices */ = {
			isa = PBXGroup;
			children = (
				892D019E1584622C00C94388 /* TwitterEngine.h */,
				892D019F1584622C00C94388 /* TwitterEngine.m */,
				892D01A815847F0600C94388 /* TwitterCommand.h */,
				892D01A915847F0600C94388 /* TwitterCommand.m */,
			);
			path = Webservices;
			sourceTree = "<group>";
		};
/* End PBXGroup section */

/* Begin PBXNativeTarget section */
		89097C4315799DFF00913B9E /* TSBoilerplate */ = {
			isa = PBXNativeTarget;
			buildConfigurationList = 89097C7115799DFF00913B9E /* Build configuration list for PBXNativeTarget "TSBoilerplate" */;
			buildPhases = (
				89097C4015799DFF00913B9E /* Sources */,
				89097C4115799DFF00913B9E /* Frameworks */,
				89097C4215799DFF00913B9E /* Resources */,
			);
			buildRules = (
			);
			dependencies = (
			);
			name = TSBoilerplate;
			productName = TSBoilerplate;
			productReference = 89097C4415799DFF00913B9E /* TSBoilerplate.app */;
			productType = "com.apple.product-type.application";
		};
		89097C5E15799DFF00913B9E /* TSBoilerplateTests */ = {
			isa = PBXNativeTarget;
			buildConfigurationList = 89097C7415799DFF00913B9E /* Build configuration list for PBXNativeTarget "TSBoilerplateTests" */;
			buildPhases = (
				89097C5A15799DFF00913B9E /* Sources */,
				89097C5B15799DFF00913B9E /* Frameworks */,
				89097C5C15799DFF00913B9E /* Resources */,
				89097C5D15799DFF00913B9E /* ShellScript */,
			);
			buildRules = (
			);
			dependencies = (
				89097C6515799DFF00913B9E /* PBXTargetDependency */,
			);
			name = TSBoilerplateTests;
			productName = TSBoilerplateTests;
			productReference = 89097C5F15799DFF00913B9E /* TSBoilerplateTests.octest */;
			productType = "com.apple.product-type.bundle";
		};
/* End PBXNativeTarget section */

/* Begin PBXProject section */
		89097C3B15799DFF00913B9E /* Project object */ = {
			isa = PBXProject;
			attributes = {
				LastUpgradeCheck = 0430;
			};
			buildConfigurationList = 89097C3E15799DFF00913B9E /* Build configuration list for PBXProject "TSBoilerplate" */;
			compatibilityVersion = "Xcode 3.2";
			developmentRegion = English;
			hasScannedForEncodings = 0;
			knownRegions = (
				en,
			);
			mainGroup = 89097C3915799DFF00913B9E;
			productRefGroup = 89097C4515799DFF00913B9E /* Products */;
			projectDirPath = "";
			projectReferences = (
				{
					ProductGroup = 89097CC715799F2C00913B9E /* Products */;
					ProjectRef = 89097CC615799F2C00913B9E /* MKNetworkKit-iOS.xcodeproj */;
				},
			);
			projectRoot = "";
			targets = (
				89097C4315799DFF00913B9E /* TSBoilerplate */,
				89097C5E15799DFF00913B9E /* TSBoilerplateTests */,
				89097E7B1579AA2B00913B9E /* Generate Data Model */,
			);
		};
/* End PBXProject section */

/* Begin PBXReferenceProxy section */
		89097D0E15799F2C00913B9E /* libMKNetworkKit-iOS.a */ = {
			isa = PBXReferenceProxy;
			fileType = archive.ar;
			path = "libMKNetworkKit-iOS.a";
			remoteRef = 89097D0D15799F2C00913B9E /* PBXContainerItemProxy */;
			sourceTree = BUILT_PRODUCTS_DIR;
		};
/* End PBXReferenceProxy section */

/* Begin PBXResourcesBuildPhase section */
		89097C4215799DFF00913B9E /* Resources */ = {
			isa = PBXResourcesBuildPhase;
			buildActionMask = 2147483647;
			files = (
				89097CE515799F2C00913B9E /* .gitignore in Resources */,
				89097D0415799F2C00913B9E /* MKNetworkKit.xcworkspace in Resources */,
				89097D0515799F2C00913B9E /* README.mdown in Resources */,
				89097D0615799F2C00913B9E /* SampleImage.jpg in Resources */,
				89097D0715799F2C00913B9E /* basic_auth.php in Resources */,
				89097D0815799F2C00913B9E /* digest_auth.php in Resources */,
				892D00D41579DB4F00C94388 /* StoryboardiPhone.storyboard in Resources */,
				892D00D61579DB5C00C94388 /* StoryboardiPad.storyboard in Resources */,
			);
			runOnlyForDeploymentPostprocessing = 0;
		};
		89097C5C15799DFF00913B9E /* Resources */ = {
			isa = PBXResourcesBuildPhase;
			buildActionMask = 2147483647;
			files = (
				89097C6B15799DFF00913B9E /* InfoPlist.strings in Resources */,
			);
			runOnlyForDeploymentPostprocessing = 0;
		};
/* End PBXResourcesBuildPhase section */

/* Begin PBXShellScriptBuildPhase section */
		89097C5D15799DFF00913B9E /* ShellScript */ = {
			isa = PBXShellScriptBuildPhase;
			buildActionMask = 2147483647;
			files = (
			);
			inputPaths = (
			);
			outputPaths = (
			);
			runOnlyForDeploymentPostprocessing = 0;
			shellPath = /bin/sh;
			shellScript = "# Run the unit tests in this test bundle.\n\"${SYSTEM_DEVELOPER_DIR}/Tools/RunUnitTests\"\n";
		};
		89097E7F1579AA3500913B9E /* ShellScript */ = {
			isa = PBXShellScriptBuildPhase;
			buildActionMask = 2147483647;
			files = (
			);
			inputPaths = (
			);
			outputPaths = (
			);
			runOnlyForDeploymentPostprocessing = 0;
			shellPath = /bin/bash;
			shellScript = "cd $PROJECT_DIR/TSBoilerplate/Model/CoreDataModel\nmogenerator -m Model.xcdatamodeld/Model.xcdatamodel/ --template-var arc=YES --template-path ./MogenTemplate -M ../ModelObjects/Machine -H ../ModelObjects/Human";
		};
/* End PBXShellScriptBuildPhase section */

/* Begin PBXSourcesBuildPhase section */
		89097C4015799DFF00913B9E /* Sources */ = {
			isa = PBXSourcesBuildPhase;
			buildActionMask = 2147483647;
			files = (
				892D01BA1584A48B00C94388 /* _TwitterEntity.m in Sources */,
				892D01B91584A48100C94388 /* _Tweet.m in Sources */,
				892D01B81584A47500C94388 /* Tweet.m in Sources */,
				892D01B71584A45A00C94388 /* TwitterEntity.m in Sources */,
				892D00BF1579CE3300C94388 /* ModelObject.m in Sources */,
				89097CFB15799F2C00913B9E /* NSAlert+MKNetworkKitAdditions.m in Sources */,
				89097CFC15799F2C00913B9E /* NSData+Base64.m in Sources */,
				89097CFD15799F2C00913B9E /* NSDate+RFC1123.m in Sources */,
				89097CFE15799F2C00913B9E /* NSDictionary+RequestEncoding.m in Sources */,
				89097CFF15799F2C00913B9E /* NSString+MKNetworkKitAdditions.m in Sources */,
				89097D0015799F2C00913B9E /* UIAlertView+MKNetworkKitAdditions.m in Sources */,
				89097D0115799F2C00913B9E /* MKNetworkEngine.m in Sources */,
				89097D0215799F2C00913B9E /* MKNetworkOperation.m in Sources */,
				89097D0315799F2C00913B9E /* Reachability.m in Sources */,
				89097E761579A80400913B9E /* Model.xcdatamodeld in Sources */,
				89097E8A1579B36300913B9E /* Group.m in Sources */,
				89097E8B1579B36300913B9E /* Member.m in Sources */,
				89097E8C1579B36300913B9E /* _Group.m in Sources */,
				89097E8D1579B36300913B9E /* _Member.m in Sources */,
				89097E941579C2F500913B9E /* Model.m in Sources */,
				89097EA11579C4EB00913B9E /* AppDelegate.m in Sources */,
				89097EA21579C4EB00913B9E /* main.m in Sources */,
				89097EB31579C5BA00913B9E /* NSFileManager+DirectoryLocations.m in Sources */,
				89097EB41579C5BA00913B9E /* UIColor+Extensions.m in Sources */,
				89097EB51579C5BA00913B9E /* Appearances.m in Sources */,
				89097EB61579C5BA00913B9E /* Constants.m in Sources */,
				89097EB81579C5BA00913B9E /* SettingsHelper.m in Sources */,
				892D01231579DE4900C94388 /* NSError+Factory.m in Sources */,
				892D0128158049F200C94388 /* Command.m in Sources */,
				892D012B15804F5C00C94388 /* TSCommandRunner.m in Sources */,
				892D012F1580524800C94388 /* GroupEditCommand.m in Sources */,
				892D018815815CFB00C94388 /* AsynchronousCommand.m in Sources */,
				892D018B158410F800C94388 /* GroupCommand.m in Sources */,
				892D018F1584144D00C94388 /* MemberCommand.m in Sources */,
				892D0192158415FC00C94388 /* MemberDisplayCommand.m in Sources */,
				892D01A01584622C00C94388 /* TwitterEngine.m in Sources */,
				892D01AA15847F0600C94388 /* TwitterCommand.m in Sources */,
			);
			runOnlyForDeploymentPostprocessing = 0;
		};
		89097C5A15799DFF00913B9E /* Sources */ = {
			isa = PBXSourcesBuildPhase;
			buildActionMask = 2147483647;
			files = (
				89097C6E15799DFF00913B9E /* TSTwitterTest.m in Sources */,
				DD051170159C2FE200CDB1F5 /* TSAsynchronousOperationTest.m in Sources */,
				DD05117D159C34D700CDB1F5 /* TSGroupTest.m in Sources */,
			);
			runOnlyForDeploymentPostprocessing = 0;
		};
/* End PBXSourcesBuildPhase section */

/* Begin PBXTargetDependency section */
		89097C6515799DFF00913B9E /* PBXTargetDependency */ = {
			isa = PBXTargetDependency;
			target = 89097C4315799DFF00913B9E /* TSBoilerplate */;
			targetProxy = 89097C6415799DFF00913B9E /* PBXContainerItemProxy */;
		};
/* End PBXTargetDependency section */

/* Begin PBXVariantGroup section */
		89097C6915799DFF00913B9E /* InfoPlist.strings */ = {
			isa = PBXVariantGroup;
			children = (
				89097C6A15799DFF00913B9E /* en */,
			);
			name = InfoPlist.strings;
			sourceTree = "<group>";
		};
/* End PBXVariantGroup section */

/* Begin XCBuildConfiguration section */
		89097C6F15799DFF00913B9E /* Debug */ = {
			isa = XCBuildConfiguration;
			buildSettings = {
				ALWAYS_SEARCH_USER_PATHS = NO;
				ARCHS = "$(ARCHS_STANDARD_32_BIT)";
				CLANG_ENABLE_OBJC_ARC = YES;
				"CODE_SIGN_IDENTITY[sdk=iphoneos*]" = "iPhone Developer";
				COPY_PHASE_STRIP = NO;
				GCC_C_LANGUAGE_STANDARD = gnu99;
				GCC_DYNAMIC_NO_PIC = NO;
				GCC_OPTIMIZATION_LEVEL = 0;
				GCC_PREPROCESSOR_DEFINITIONS = (
					"DEBUG=1",
					"$(inherited)",
				);
				GCC_SYMBOLS_PRIVATE_EXTERN = NO;
				GCC_VERSION = com.apple.compilers.llvm.clang.1_0;
				GCC_WARN_ABOUT_RETURN_TYPE = YES;
				GCC_WARN_UNINITIALIZED_AUTOS = YES;
				GCC_WARN_UNUSED_VARIABLE = YES;
				IPHONEOS_DEPLOYMENT_TARGET = 5.1;
				SDKROOT = iphoneos;
				TARGETED_DEVICE_FAMILY = "1,2";
			};
			name = Debug;
		};
		89097C7015799DFF00913B9E /* Release */ = {
			isa = XCBuildConfiguration;
			buildSettings = {
				ALWAYS_SEARCH_USER_PATHS = NO;
				ARCHS = "$(ARCHS_STANDARD_32_BIT)";
				CLANG_ENABLE_OBJC_ARC = YES;
				"CODE_SIGN_IDENTITY[sdk=iphoneos*]" = "iPhone Developer";
				COPY_PHASE_STRIP = YES;
				GCC_C_LANGUAGE_STANDARD = gnu99;
				GCC_VERSION = com.apple.compilers.llvm.clang.1_0;
				GCC_WARN_ABOUT_RETURN_TYPE = YES;
				GCC_WARN_UNINITIALIZED_AUTOS = YES;
				GCC_WARN_UNUSED_VARIABLE = YES;
				IPHONEOS_DEPLOYMENT_TARGET = 5.1;
				OTHER_CFLAGS = "-DNS_BLOCK_ASSERTIONS=1";
				SDKROOT = iphoneos;
				TARGETED_DEVICE_FAMILY = "1,2";
				VALIDATE_PRODUCT = YES;
			};
			name = Release;
		};
		89097C7215799DFF00913B9E /* Debug */ = {
			isa = XCBuildConfiguration;
			buildSettings = {
				GCC_PRECOMPILE_PREFIX_HEADER = YES;
				GCC_PREFIX_HEADER = "TSBoilerplate/TSBoilerplate-Prefix.pch";
				INFOPLIST_FILE = "TSBoilerplate/TSBoilerplate-Info.plist";
				MOMC_NO_INVERSE_RELATIONSHIP_WARNINGS = YES;
				PRODUCT_NAME = "$(TARGET_NAME)";
				WRAPPER_EXTENSION = app;
			};
			name = Debug;
		};
		89097C7315799DFF00913B9E /* Release */ = {
			isa = XCBuildConfiguration;
			buildSettings = {
				GCC_PRECOMPILE_PREFIX_HEADER = YES;
				GCC_PREFIX_HEADER = "TSBoilerplate/TSBoilerplate-Prefix.pch";
				INFOPLIST_FILE = "TSBoilerplate/TSBoilerplate-Info.plist";
				MOMC_NO_INVERSE_RELATIONSHIP_WARNINGS = YES;
				PRODUCT_NAME = "$(TARGET_NAME)";
				WRAPPER_EXTENSION = app;
			};
			name = Release;
		};
		89097C7515799DFF00913B9E /* Debug */ = {
			isa = XCBuildConfiguration;
			buildSettings = {
				BUNDLE_LOADER = "$(BUILT_PRODUCTS_DIR)/TSBoilerplate.app/TSBoilerplate";
				FRAMEWORK_SEARCH_PATHS = (
					"$(SDKROOT)/Developer/Library/Frameworks",
					"$(DEVELOPER_LIBRARY_DIR)/Frameworks",
				);
				GCC_PRECOMPILE_PREFIX_HEADER = YES;
				GCC_PREFIX_HEADER = "TSBoilerplate/TSBoilerplate-Prefix.pch";
				INFOPLIST_FILE = "TSBoilerplateTests/TSBoilerplateTests-Info.plist";
				PRODUCT_NAME = "$(TARGET_NAME)";
				TEST_HOST = "$(BUNDLE_LOADER)";
				WRAPPER_EXTENSION = octest;
			};
			name = Debug;
		};
		89097C7615799DFF00913B9E /* Release */ = {
			isa = XCBuildConfiguration;
			buildSettings = {
				BUNDLE_LOADER = "$(BUILT_PRODUCTS_DIR)/TSBoilerplate.app/TSBoilerplate";
				FRAMEWORK_SEARCH_PATHS = (
					"$(SDKROOT)/Developer/Library/Frameworks",
					"$(DEVELOPER_LIBRARY_DIR)/Frameworks",
				);
				GCC_PRECOMPILE_PREFIX_HEADER = YES;
				GCC_PREFIX_HEADER = "TSBoilerplate/TSBoilerplate-Prefix.pch";
				INFOPLIST_FILE = "TSBoilerplateTests/TSBoilerplateTests-Info.plist";
				PRODUCT_NAME = "$(TARGET_NAME)";
				TEST_HOST = "$(BUNDLE_LOADER)";
				WRAPPER_EXTENSION = octest;
			};
			name = Release;
		};
		89097E7D1579AA2B00913B9E /* Debug */ = {
			isa = XCBuildConfiguration;
			buildSettings = {
				PRODUCT_NAME = "$(TARGET_NAME)";
			};
			name = Debug;
		};
		89097E7E1579AA2B00913B9E /* Release */ = {
			isa = XCBuildConfiguration;
			buildSettings = {
				PRODUCT_NAME = "$(TARGET_NAME)";
			};
			name = Release;
		};
/* End XCBuildConfiguration section */

/* Begin XCConfigurationList section */
		89097C3E15799DFF00913B9E /* Build configuration list for PBXProject "TSBoilerplate" */ = {
			isa = XCConfigurationList;
			buildConfigurations = (
				89097C6F15799DFF00913B9E /* Debug */,
				89097C7015799DFF00913B9E /* Release */,
			);
			defaultConfigurationIsVisible = 0;
			defaultConfigurationName = Release;
		};
		89097C7115799DFF00913B9E /* Build configuration list for PBXNativeTarget "TSBoilerplate" */ = {
			isa = XCConfigurationList;
			buildConfigurations = (
				89097C7215799DFF00913B9E /* Debug */,
				89097C7315799DFF00913B9E /* Release */,
			);
			defaultConfigurationIsVisible = 0;
			defaultConfigurationName = Release;
		};
		89097C7415799DFF00913B9E /* Build configuration list for PBXNativeTarget "TSBoilerplateTests" */ = {
			isa = XCConfigurationList;
			buildConfigurations = (
				89097C7515799DFF00913B9E /* Debug */,
				89097C7615799DFF00913B9E /* Release */,
			);
			defaultConfigurationIsVisible = 0;
			defaultConfigurationName = Release;
		};
		89097E7C1579AA2B00913B9E /* Build configuration list for PBXAggregateTarget "Generate Data Model" */ = {
			isa = XCConfigurationList;
			buildConfigurations = (
				89097E7D1579AA2B00913B9E /* Debug */,
				89097E7E1579AA2B00913B9E /* Release */,
			);
			defaultConfigurationIsVisible = 0;
			defaultConfigurationName = Release;
		};
/* End XCConfigurationList section */

/* Begin XCVersionGroup section */
		89097E741579A80400913B9E /* Model.xcdatamodeld */ = {
			isa = XCVersionGroup;
			children = (
				89097E751579A80400913B9E /* Model.xcdatamodel */,
			);
			currentVersion = 89097E751579A80400913B9E /* Model.xcdatamodel */;
			path = Model.xcdatamodeld;
			sourceTree = "<group>";
			versionGroupType = wrapper.xcdatamodel;
		};
/* End XCVersionGroup section */
	};
	rootObject = 89097C3B15799DFF00913B9E /* Project object */;
}
