// !$*UTF8*$!
{
	archiveVersion = 1;
	classes = {
	};
	objectVersion = 46;
	objects = {

/* Begin PBXAggregateTarget section */
		89097E7B1579AA2B00913B9E /* Generate Data Model */ = {
			isa = PBXAggregateTarget;
			buildConfigurationList = 89097E7C1579AA2B00913B9E /* Build configuration list for PBXAggregateTarget "Generate Data Model" */;
			buildPhases = (
				89097E7F1579AA3500913B9E /* ShellScript */,
			);
			dependencies = (
			);
			name = "Generate Data Model";
			productName = "Generate Data Model";
		};
/* End PBXAggregateTarget section */

/* Begin PBXBuildFile section */
		2B06657E17C19D4000749237 /* fake_results.json in Resources */ = {isa = PBXBuildFile; fileRef = 2B06657D17C19D4000749237 /* fake_results.json */; };
		2B15C4F317BDEF5F001C3E75 /* FormExampleViewController.m in Sources */ = {isa = PBXBuildFile; fileRef = 2B15C4F217BDEF5F001C3E75 /* FormExampleViewController.m */; };
		89097C4915799DFF00913B9E /* UIKit.framework in Frameworks */ = {isa = PBXBuildFile; fileRef = 89097C4815799DFF00913B9E /* UIKit.framework */; };
		89097C4B15799DFF00913B9E /* Foundation.framework in Frameworks */ = {isa = PBXBuildFile; fileRef = 89097C4A15799DFF00913B9E /* Foundation.framework */; };
		89097C4D15799DFF00913B9E /* CoreGraphics.framework in Frameworks */ = {isa = PBXBuildFile; fileRef = 89097C4C15799DFF00913B9E /* CoreGraphics.framework */; };
		89097C6115799DFF00913B9E /* SenTestingKit.framework in Frameworks */ = {isa = PBXBuildFile; fileRef = 89097C6015799DFF00913B9E /* SenTestingKit.framework */; };
		89097C6215799DFF00913B9E /* UIKit.framework in Frameworks */ = {isa = PBXBuildFile; fileRef = 89097C4815799DFF00913B9E /* UIKit.framework */; };
		89097C6315799DFF00913B9E /* Foundation.framework in Frameworks */ = {isa = PBXBuildFile; fileRef = 89097C4A15799DFF00913B9E /* Foundation.framework */; };
		89097D1815799F8800913B9E /* CFNetwork.framework in Frameworks */ = {isa = PBXBuildFile; fileRef = 89097D1715799F8800913B9E /* CFNetwork.framework */; };
		89097D1A15799F9100913B9E /* SystemConfiguration.framework in Frameworks */ = {isa = PBXBuildFile; fileRef = 89097D1915799F9100913B9E /* SystemConfiguration.framework */; };
		89097D1C1579A0F500913B9E /* Security.framework in Frameworks */ = {isa = PBXBuildFile; fileRef = 89097D1B1579A0F500913B9E /* Security.framework */; };
		89D3C59E1723B5C300704064 /* InfoPlist.strings in Resources */ = {isa = PBXBuildFile; fileRef = 89D3C5961723B5C300704064 /* InfoPlist.strings */; };
		89D3C5A11723B5C300704064 /* TSGroupTest.m in Sources */ = {isa = PBXBuildFile; fileRef = 89D3C59D1723B5C300704064 /* TSGroupTest.m */; };
		89D3C5A91723B5D600704064 /* InfoPlist.strings in Resources */ = {isa = PBXBuildFile; fileRef = 89D3C5A31723B5D600704064 /* InfoPlist.strings */; };
		89D3C5AB1723B5D600704064 /* TSTwitterIntegrationTest.m in Sources */ = {isa = PBXBuildFile; fileRef = 89D3C5A81723B5D600704064 /* TSTwitterIntegrationTest.m */; };
		89D3C5AE1723B73500704064 /* TSAsynchronousOperationTest.m in Sources */ = {isa = PBXBuildFile; fileRef = 89D3C5AD1723B73500704064 /* TSAsynchronousOperationTest.m */; };
		89DA25EA16978E17001273E1 /* Default-568h@2x.png in Resources */ = {isa = PBXBuildFile; fileRef = 89DA25E916978E17001273E1 /* Default-568h@2x.png */; };
		DDBB5F511726512D00C93A97 /* QuartzCore.framework in Frameworks */ = {isa = PBXBuildFile; fileRef = DDBB5F501726512D00C93A97 /* QuartzCore.framework */; };
		DDF4C845173B0F0E00276A95 /* TestModel.m in Sources */ = {isa = PBXBuildFile; fileRef = DDF4C844173B0F0E00276A95 /* TestModel.m */; };
		DDFD62CA173B089D000323A8 /* ImageIO.framework in Frameworks */ = {isa = PBXBuildFile; fileRef = DDFD62C9173B089D000323A8 /* ImageIO.framework */; };
		DDFD63FE173B0A7B000323A8 /* TweetBuilder.m in Sources */ = {isa = PBXBuildFile; fileRef = DDFD6387173B0A7B000323A8 /* TweetBuilder.m */; };
		DDFD63FF173B0A7B000323A8 /* TwitterEntityBuilder.m in Sources */ = {isa = PBXBuildFile; fileRef = DDFD6389173B0A7B000323A8 /* TwitterEntityBuilder.m */; };
		DDFD6400173B0A7B000323A8 /* AsynchronousCommand.m in Sources */ = {isa = PBXBuildFile; fileRef = DDFD638C173B0A7B000323A8 /* AsynchronousCommand.m */; };
		DDFD6401173B0A7B000323A8 /* Command.m in Sources */ = {isa = PBXBuildFile; fileRef = DDFD638E173B0A7B000323A8 /* Command.m */; };
		DDFD6402173B0A7B000323A8 /* GroupCommand.m in Sources */ = {isa = PBXBuildFile; fileRef = DDFD6391173B0A7B000323A8 /* GroupCommand.m */; };
		DDFD6403173B0A7B000323A8 /* GroupEditCommand.m in Sources */ = {isa = PBXBuildFile; fileRef = DDFD6393173B0A7B000323A8 /* GroupEditCommand.m */; };
		DDFD6404173B0A7B000323A8 /* MemberCommand.m in Sources */ = {isa = PBXBuildFile; fileRef = DDFD6396173B0A7B000323A8 /* MemberCommand.m */; };
		DDFD6405173B0A7B000323A8 /* MemberDisplayCommand.m in Sources */ = {isa = PBXBuildFile; fileRef = DDFD6398173B0A7B000323A8 /* MemberDisplayCommand.m */; };
		DDFD6406173B0A7B000323A8 /* TSCommandRunner.m in Sources */ = {isa = PBXBuildFile; fileRef = DDFD639A173B0A7B000323A8 /* TSCommandRunner.m */; };
		DDFD6407173B0A7B000323A8 /* MasterEngine.m in Sources */ = {isa = PBXBuildFile; fileRef = DDFD639D173B0A7B000323A8 /* MasterEngine.m */; };
		DDFD6408173B0A7B000323A8 /* TwitterCommand.m in Sources */ = {isa = PBXBuildFile; fileRef = DDFD639F173B0A7B000323A8 /* TwitterCommand.m */; };
		DDFD6409173B0A7B000323A8 /* TwitterEngine.m in Sources */ = {isa = PBXBuildFile; fileRef = DDFD63A1173B0A7B000323A8 /* TwitterEngine.m */; };
		DDFD640A173B0A7B000323A8 /* AlertView.m in Sources */ = {isa = PBXBuildFile; fileRef = DDFD63A4173B0A7B000323A8 /* AlertView.m */; };
		DDFD640B173B0A7B000323A8 /* AlertViewController.m in Sources */ = {isa = PBXBuildFile; fileRef = DDFD63A6173B0A7B000323A8 /* AlertViewController.m */; };
		DDFD640C173B0A7B000323A8 /* TSTableViewController.m in Sources */ = {isa = PBXBuildFile; fileRef = DDFD63A8173B0A7B000323A8 /* TSTableViewController.m */; };
		DDFD640D173B0A7B000323A8 /* TSViewController.m in Sources */ = {isa = PBXBuildFile; fileRef = DDFD63AA173B0A7B000323A8 /* TSViewController.m */; };
		DDFD640E173B0A7B000323A8 /* TweetsViewController.m in Sources */ = {isa = PBXBuildFile; fileRef = DDFD63AD173B0A7B000323A8 /* TweetsViewController.m */; };
		DDFD640F173B0A7B000323A8 /* InfoPlist.strings in Resources */ = {isa = PBXBuildFile; fileRef = DDFD63AF173B0A7B000323A8 /* InfoPlist.strings */; };
		DDFD6410173B0A7B000323A8 /* Model.xcdatamodeld in Sources */ = {isa = PBXBuildFile; fileRef = DDFD63B3173B0A7B000323A8 /* Model.xcdatamodeld */; };
		DDFD6411173B0A7B000323A8 /* human.h.motemplate in Resources */ = {isa = PBXBuildFile; fileRef = DDFD63B6173B0A7B000323A8 /* human.h.motemplate */; };
		DDFD6412173B0A7B000323A8 /* human.m.motemplate in Resources */ = {isa = PBXBuildFile; fileRef = DDFD63B7173B0A7B000323A8 /* human.m.motemplate */; };
		DDFD6413173B0A7B000323A8 /* machine.h.motemplate in Resources */ = {isa = PBXBuildFile; fileRef = DDFD63B8173B0A7B000323A8 /* machine.h.motemplate */; };
		DDFD6414173B0A7B000323A8 /* machine.m.motemplate in Resources */ = {isa = PBXBuildFile; fileRef = DDFD63B9173B0A7B000323A8 /* machine.m.motemplate */; };
		DDFD6415173B0A7B000323A8 /* mogenerator in Resources */ = {isa = PBXBuildFile; fileRef = DDFD63BA173B0A7B000323A8 /* mogenerator */; };
		DDFD6416173B0A7B000323A8 /* readme.txt in Resources */ = {isa = PBXBuildFile; fileRef = DDFD63BB173B0A7B000323A8 /* readme.txt */; };
		DDFD6417173B0A7B000323A8 /* Model.m in Sources */ = {isa = PBXBuildFile; fileRef = DDFD63BD173B0A7B000323A8 /* Model.m */; };
		DDFD6418173B0A7B000323A8 /* ModelObject.m in Sources */ = {isa = PBXBuildFile; fileRef = DDFD63BF173B0A7B000323A8 /* ModelObject.m */; };
		DDFD6419173B0A7B000323A8 /* Group.m in Sources */ = {isa = PBXBuildFile; fileRef = DDFD63C3173B0A7B000323A8 /* Group.m */; };
		DDFD641A173B0A7B000323A8 /* Member.m in Sources */ = {isa = PBXBuildFile; fileRef = DDFD63C5173B0A7B000323A8 /* Member.m */; };
		DDFD641B173B0A7B000323A8 /* Tweet.m in Sources */ = {isa = PBXBuildFile; fileRef = DDFD63C7173B0A7B000323A8 /* Tweet.m */; };
		DDFD641C173B0A7B000323A8 /* TwitterEntity.m in Sources */ = {isa = PBXBuildFile; fileRef = DDFD63C9173B0A7B000323A8 /* TwitterEntity.m */; };
		DDFD641D173B0A7B000323A8 /* _Group.m in Sources */ = {isa = PBXBuildFile; fileRef = DDFD63CC173B0A7B000323A8 /* _Group.m */; };
		DDFD641E173B0A7B000323A8 /* _Member.m in Sources */ = {isa = PBXBuildFile; fileRef = DDFD63CE173B0A7B000323A8 /* _Member.m */; };
		DDFD641F173B0A7B000323A8 /* _Tweet.m in Sources */ = {isa = PBXBuildFile; fileRef = DDFD63D0173B0A7B000323A8 /* _Tweet.m */; };
		DDFD6420173B0A7B000323A8 /* _TwitterEntity.m in Sources */ = {isa = PBXBuildFile; fileRef = DDFD63D2173B0A7B000323A8 /* _TwitterEntity.m */; };
		DDFD6421173B0A7B000323A8 /* AppDelegate.m in Sources */ = {isa = PBXBuildFile; fileRef = DDFD63D5173B0A7B000323A8 /* AppDelegate.m */; };
		DDFD6423173B0A7B000323A8 /* NSError+Factory.m in Sources */ = {isa = PBXBuildFile; fileRef = DDFD63DA173B0A7B000323A8 /* NSError+Factory.m */; };
		DDFD6424173B0A7B000323A8 /* NSFileManager+DirectoryLocations.m in Sources */ = {isa = PBXBuildFile; fileRef = DDFD63DC173B0A7B000323A8 /* NSFileManager+DirectoryLocations.m */; };
		DDFD6425173B0A7B000323A8 /* UIColor+Extensions.m in Sources */ = {isa = PBXBuildFile; fileRef = DDFD63DE173B0A7B000323A8 /* UIColor+Extensions.m */; };
		DDFD6426173B0A7B000323A8 /* UIView+loadFromNib.m in Sources */ = {isa = PBXBuildFile; fileRef = DDFD63E0173B0A7B000323A8 /* UIView+loadFromNib.m */; };
		DDFD6427173B0A7B000323A8 /* Appearances.m in Sources */ = {isa = PBXBuildFile; fileRef = DDFD63E3173B0A7B000323A8 /* Appearances.m */; };
		DDFD6428173B0A7B000323A8 /* Constants.m in Sources */ = {isa = PBXBuildFile; fileRef = DDFD63E5173B0A7B000323A8 /* Constants.m */; };
		DDFD6429173B0A7B000323A8 /* SBConstants.m in Sources */ = {isa = PBXBuildFile; fileRef = DDFD63E7173B0A7B000323A8 /* SBConstants.m */; };
		DDFD642A173B0A7B000323A8 /* NSStringHelper.m in Sources */ = {isa = PBXBuildFile; fileRef = DDFD63EB173B0A7B000323A8 /* NSStringHelper.m */; };
		DDFD642B173B0A7B000323A8 /* RoundedRectUtility.m in Sources */ = {isa = PBXBuildFile; fileRef = DDFD63ED173B0A7B000323A8 /* RoundedRectUtility.m */; };
		DDFD642C173B0A7B000323A8 /* SettingsHelper.m in Sources */ = {isa = PBXBuildFile; fileRef = DDFD63EF173B0A7B000323A8 /* SettingsHelper.m */; };
		DDFD642D173B0A7B000323A8 /* main.m in Sources */ = {isa = PBXBuildFile; fileRef = DDFD63F0173B0A7B000323A8 /* main.m */; };
		DDFD642F173B0A7B000323A8 /* TweetCell.m in Sources */ = {isa = PBXBuildFile; fileRef = DDFD63F7173B0A7B000323A8 /* TweetCell.m */; };
		DDFD6430173B0A7B000323A8 /* StoryboardiPad.storyboard in Resources */ = {isa = PBXBuildFile; fileRef = DDFD63FA173B0A7B000323A8 /* StoryboardiPad.storyboard */; };
		DDFD6431173B0A7B000323A8 /* StoryboardiPhone.storyboard in Resources */ = {isa = PBXBuildFile; fileRef = DDFD63FB173B0A7B000323A8 /* StoryboardiPhone.storyboard */; };
		DDFD6432173B0A7B000323A8 /* AlertViewController.xib in Resources */ = {isa = PBXBuildFile; fileRef = DDFD63FD173B0A7B000323A8 /* AlertViewController.xib */; };
		DDFD6631173B0C3D000323A8 /* EGORefreshTableHeaderView.m in Sources */ = {isa = PBXBuildFile; fileRef = DDFD643A173B0C3B000323A8 /* EGORefreshTableHeaderView.m */; settings = {COMPILER_FLAGS = "-fno-objc-arc"; }; };
		DDFD6632173B0C3D000323A8 /* blackArrow.png in Resources */ = {isa = PBXBuildFile; fileRef = DDFD643C173B0C3B000323A8 /* blackArrow.png */; };
		DDFD6633173B0C3D000323A8 /* blackArrow@2x.png in Resources */ = {isa = PBXBuildFile; fileRef = DDFD643D173B0C3B000323A8 /* blackArrow@2x.png */; };
		DDFD6634173B0C3D000323A8 /* blueArrow.png in Resources */ = {isa = PBXBuildFile; fileRef = DDFD643E173B0C3B000323A8 /* blueArrow.png */; };
		DDFD6635173B0C3D000323A8 /* blueArrow@2x.png in Resources */ = {isa = PBXBuildFile; fileRef = DDFD643F173B0C3B000323A8 /* blueArrow@2x.png */; };
		DDFD6636173B0C3D000323A8 /* grayArrow.png in Resources */ = {isa = PBXBuildFile; fileRef = DDFD6440173B0C3B000323A8 /* grayArrow.png */; };
		DDFD6637173B0C3D000323A8 /* grayArrow@2x.png in Resources */ = {isa = PBXBuildFile; fileRef = DDFD6441173B0C3B000323A8 /* grayArrow@2x.png */; };
		DDFD6638173B0C3D000323A8 /* whiteArrow.png in Resources */ = {isa = PBXBuildFile; fileRef = DDFD6442173B0C3B000323A8 /* whiteArrow.png */; };
		DDFD6639173B0C3D000323A8 /* whiteArrow@2x.png in Resources */ = {isa = PBXBuildFile; fileRef = DDFD6443173B0C3B000323A8 /* whiteArrow@2x.png */; };
		DDFD6650173B0C3D000323A8 /* NSAlert+MKNetworkKitAdditions.m in Sources */ = {isa = PBXBuildFile; fileRef = DDFD6479173B0C3B000323A8 /* NSAlert+MKNetworkKitAdditions.m */; };
		DDFD6651173B0C3D000323A8 /* NSData+MKBase64.m in Sources */ = {isa = PBXBuildFile; fileRef = DDFD647B173B0C3B000323A8 /* NSData+MKBase64.m */; };
		DDFD6652173B0C3D000323A8 /* NSDate+RFC1123.m in Sources */ = {isa = PBXBuildFile; fileRef = DDFD647D173B0C3B000323A8 /* NSDate+RFC1123.m */; };
		DDFD6653173B0C3D000323A8 /* NSDictionary+RequestEncoding.m in Sources */ = {isa = PBXBuildFile; fileRef = DDFD647F173B0C3B000323A8 /* NSDictionary+RequestEncoding.m */; };
		DDFD6654173B0C3D000323A8 /* NSString+MKNetworkKitAdditions.m in Sources */ = {isa = PBXBuildFile; fileRef = DDFD6481173B0C3B000323A8 /* NSString+MKNetworkKitAdditions.m */; };
		DDFD6655173B0C3D000323A8 /* UIAlertView+MKNetworkKitAdditions.m in Sources */ = {isa = PBXBuildFile; fileRef = DDFD6483173B0C3B000323A8 /* UIAlertView+MKNetworkKitAdditions.m */; };
		DDFD6656173B0C3D000323A8 /* UIImageView+MKNetworkKitAdditions.m in Sources */ = {isa = PBXBuildFile; fileRef = DDFD6485173B0C3B000323A8 /* UIImageView+MKNetworkKitAdditions.m */; };
		DDFD6657173B0C3D000323A8 /* MKNetworkEngine.m in Sources */ = {isa = PBXBuildFile; fileRef = DDFD6487173B0C3B000323A8 /* MKNetworkEngine.m */; };
		DDFD6658173B0C3D000323A8 /* MKNetworkOperation.m in Sources */ = {isa = PBXBuildFile; fileRef = DDFD648A173B0C3B000323A8 /* MKNetworkOperation.m */; };
		DDFD6659173B0C3D000323A8 /* Reachability.m in Sources */ = {isa = PBXBuildFile; fileRef = DDFD648D173B0C3B000323A8 /* Reachability.m */; };
		DDFD672E173B0C3E000323A8 /* XMLDictionary.m in Sources */ = {isa = PBXBuildFile; fileRef = DDFD662F173B0C3D000323A8 /* XMLDictionary.m */; };
		DDFD86AA159D3CCB00DB0164 /* SenTestingKit.framework in Frameworks */ = {isa = PBXBuildFile; fileRef = 89097C6015799DFF00913B9E /* SenTestingKit.framework */; };
		DDFD86AB159D3CCB00DB0164 /* UIKit.framework in Frameworks */ = {isa = PBXBuildFile; fileRef = 89097C4815799DFF00913B9E /* UIKit.framework */; };
		DDFD86AC159D3CCB00DB0164 /* Foundation.framework in Frameworks */ = {isa = PBXBuildFile; fileRef = 89097C4A15799DFF00913B9E /* Foundation.framework */; };
/* End PBXBuildFile section */

/* Begin PBXFileReference section */
		2B06657D17C19D4000749237 /* fake_results.json */ = {isa = PBXFileReference; fileEncoding = 4; lastKnownFileType = text.json; path = fake_results.json; sourceTree = "<group>"; };
		2B15C4F117BDEF5F001C3E75 /* FormExampleViewController.h */ = {isa = PBXFileReference; fileEncoding = 4; lastKnownFileType = sourcecode.c.h; path = FormExampleViewController.h; sourceTree = "<group>"; };
		2B15C4F217BDEF5F001C3E75 /* FormExampleViewController.m */ = {isa = PBXFileReference; fileEncoding = 4; lastKnownFileType = sourcecode.c.objc; path = FormExampleViewController.m; sourceTree = "<group>"; };
		89097C4415799DFF00913B9E /* TSBoilerplate.app */ = {isa = PBXFileReference; explicitFileType = wrapper.application; includeInIndex = 0; path = TSBoilerplate.app; sourceTree = BUILT_PRODUCTS_DIR; };
		89097C4815799DFF00913B9E /* UIKit.framework */ = {isa = PBXFileReference; lastKnownFileType = wrapper.framework; name = UIKit.framework; path = System/Library/Frameworks/UIKit.framework; sourceTree = SDKROOT; };
		89097C4A15799DFF00913B9E /* Foundation.framework */ = {isa = PBXFileReference; lastKnownFileType = wrapper.framework; name = Foundation.framework; path = System/Library/Frameworks/Foundation.framework; sourceTree = SDKROOT; };
		89097C4C15799DFF00913B9E /* CoreGraphics.framework */ = {isa = PBXFileReference; lastKnownFileType = wrapper.framework; name = CoreGraphics.framework; path = System/Library/Frameworks/CoreGraphics.framework; sourceTree = SDKROOT; };
		89097C5F15799DFF00913B9E /* Tests.octest */ = {isa = PBXFileReference; explicitFileType = wrapper.cfbundle; includeInIndex = 0; path = Tests.octest; sourceTree = BUILT_PRODUCTS_DIR; };
		89097C6015799DFF00913B9E /* SenTestingKit.framework */ = {isa = PBXFileReference; lastKnownFileType = wrapper.framework; name = SenTestingKit.framework; path = Library/Frameworks/SenTestingKit.framework; sourceTree = DEVELOPER_DIR; };
		89097D1715799F8800913B9E /* CFNetwork.framework */ = {isa = PBXFileReference; lastKnownFileType = wrapper.framework; name = CFNetwork.framework; path = System/Library/Frameworks/CFNetwork.framework; sourceTree = SDKROOT; };
		89097D1915799F9100913B9E /* SystemConfiguration.framework */ = {isa = PBXFileReference; lastKnownFileType = wrapper.framework; name = SystemConfiguration.framework; path = System/Library/Frameworks/SystemConfiguration.framework; sourceTree = SDKROOT; };
		89097D1B1579A0F500913B9E /* Security.framework */ = {isa = PBXFileReference; lastKnownFileType = wrapper.framework; name = Security.framework; path = System/Library/Frameworks/Security.framework; sourceTree = SDKROOT; };
		89D3C5971723B5C300704064 /* en */ = {isa = PBXFileReference; lastKnownFileType = text.plist.strings; name = en; path = en.lproj/InfoPlist.strings; sourceTree = "<group>"; };
		89D3C5981723B5C300704064 /* Tests-Prefix.pch */ = {isa = PBXFileReference; fileEncoding = 4; lastKnownFileType = sourcecode.c.h; path = "Tests-Prefix.pch"; sourceTree = "<group>"; };
		89D3C59B1723B5C300704064 /* Tests-Info.plist */ = {isa = PBXFileReference; fileEncoding = 4; lastKnownFileType = text.plist.xml; path = "Tests-Info.plist"; sourceTree = "<group>"; };
		89D3C59C1723B5C300704064 /* TSGroupTest.h */ = {isa = PBXFileReference; fileEncoding = 4; lastKnownFileType = sourcecode.c.h; path = TSGroupTest.h; sourceTree = "<group>"; };
		89D3C59D1723B5C300704064 /* TSGroupTest.m */ = {isa = PBXFileReference; fileEncoding = 4; lastKnownFileType = sourcecode.c.objc; path = TSGroupTest.m; sourceTree = "<group>"; };
		89D3C5A41723B5D600704064 /* en */ = {isa = PBXFileReference; lastKnownFileType = text.plist.strings; name = en; path = en.lproj/InfoPlist.strings; sourceTree = "<group>"; };
		89D3C5A51723B5D600704064 /* IntegrationTests-Info.plist */ = {isa = PBXFileReference; fileEncoding = 4; lastKnownFileType = text.plist.xml; path = "IntegrationTests-Info.plist"; sourceTree = "<group>"; };
		89D3C5A61723B5D600704064 /* IntegrationTests-Prefix.pch */ = {isa = PBXFileReference; fileEncoding = 4; lastKnownFileType = sourcecode.c.h; path = "IntegrationTests-Prefix.pch"; sourceTree = "<group>"; };
		89D3C5A71723B5D600704064 /* TSTwitterIntegrationTest.h */ = {isa = PBXFileReference; fileEncoding = 4; lastKnownFileType = sourcecode.c.h; path = TSTwitterIntegrationTest.h; sourceTree = "<group>"; };
		89D3C5A81723B5D600704064 /* TSTwitterIntegrationTest.m */ = {isa = PBXFileReference; fileEncoding = 4; lastKnownFileType = sourcecode.c.objc; path = TSTwitterIntegrationTest.m; sourceTree = "<group>"; };
		89D3C5AC1723B73500704064 /* TSAsynchronousOperationTest.h */ = {isa = PBXFileReference; fileEncoding = 4; lastKnownFileType = sourcecode.c.h; path = TSAsynchronousOperationTest.h; sourceTree = "<group>"; };
		89D3C5AD1723B73500704064 /* TSAsynchronousOperationTest.m */ = {isa = PBXFileReference; fileEncoding = 4; lastKnownFileType = sourcecode.c.objc; path = TSAsynchronousOperationTest.m; sourceTree = "<group>"; };
		89DA25E916978E17001273E1 /* Default-568h@2x.png */ = {isa = PBXFileReference; lastKnownFileType = image.png; path = "Default-568h@2x.png"; sourceTree = "<group>"; };
		DDBB5F501726512D00C93A97 /* QuartzCore.framework */ = {isa = PBXFileReference; lastKnownFileType = wrapper.framework; name = QuartzCore.framework; path = System/Library/Frameworks/QuartzCore.framework; sourceTree = SDKROOT; };
		DDC1DF19173B1762000E0C66 /* App-Prefix.pch */ = {isa = PBXFileReference; fileEncoding = 4; lastKnownFileType = sourcecode.c.h; path = "App-Prefix.pch"; sourceTree = "<group>"; };
		DDF4C843173B0F0E00276A95 /* TestModel.h */ = {isa = PBXFileReference; fileEncoding = 4; lastKnownFileType = sourcecode.c.h; path = TestModel.h; sourceTree = "<group>"; };
		DDF4C844173B0F0E00276A95 /* TestModel.m */ = {isa = PBXFileReference; fileEncoding = 4; lastKnownFileType = sourcecode.c.objc; path = TestModel.m; sourceTree = "<group>"; };
		DDFD62C9173B089D000323A8 /* ImageIO.framework */ = {isa = PBXFileReference; lastKnownFileType = wrapper.framework; name = ImageIO.framework; path = System/Library/Frameworks/ImageIO.framework; sourceTree = SDKROOT; };
		DDFD6386173B0A7B000323A8 /* TweetBuilder.h */ = {isa = PBXFileReference; fileEncoding = 4; lastKnownFileType = sourcecode.c.h; path = TweetBuilder.h; sourceTree = "<group>"; };
		DDFD6387173B0A7B000323A8 /* TweetBuilder.m */ = {isa = PBXFileReference; fileEncoding = 4; lastKnownFileType = sourcecode.c.objc; path = TweetBuilder.m; sourceTree = "<group>"; };
		DDFD6388173B0A7B000323A8 /* TwitterEntityBuilder.h */ = {isa = PBXFileReference; fileEncoding = 4; lastKnownFileType = sourcecode.c.h; path = TwitterEntityBuilder.h; sourceTree = "<group>"; };
		DDFD6389173B0A7B000323A8 /* TwitterEntityBuilder.m */ = {isa = PBXFileReference; fileEncoding = 4; lastKnownFileType = sourcecode.c.objc; path = TwitterEntityBuilder.m; sourceTree = "<group>"; };
		DDFD638B173B0A7B000323A8 /* AsynchronousCommand.h */ = {isa = PBXFileReference; fileEncoding = 4; lastKnownFileType = sourcecode.c.h; path = AsynchronousCommand.h; sourceTree = "<group>"; };
		DDFD638C173B0A7B000323A8 /* AsynchronousCommand.m */ = {isa = PBXFileReference; fileEncoding = 4; lastKnownFileType = sourcecode.c.objc; path = AsynchronousCommand.m; sourceTree = "<group>"; };
		DDFD638D173B0A7B000323A8 /* Command.h */ = {isa = PBXFileReference; fileEncoding = 4; lastKnownFileType = sourcecode.c.h; path = Command.h; sourceTree = "<group>"; };
		DDFD638E173B0A7B000323A8 /* Command.m */ = {isa = PBXFileReference; fileEncoding = 4; lastKnownFileType = sourcecode.c.objc; path = Command.m; sourceTree = "<group>"; };
		DDFD6390173B0A7B000323A8 /* GroupCommand.h */ = {isa = PBXFileReference; fileEncoding = 4; lastKnownFileType = sourcecode.c.h; path = GroupCommand.h; sourceTree = "<group>"; };
		DDFD6391173B0A7B000323A8 /* GroupCommand.m */ = {isa = PBXFileReference; fileEncoding = 4; lastKnownFileType = sourcecode.c.objc; path = GroupCommand.m; sourceTree = "<group>"; };
		DDFD6392173B0A7B000323A8 /* GroupEditCommand.h */ = {isa = PBXFileReference; fileEncoding = 4; lastKnownFileType = sourcecode.c.h; path = GroupEditCommand.h; sourceTree = "<group>"; };
		DDFD6393173B0A7B000323A8 /* GroupEditCommand.m */ = {isa = PBXFileReference; fileEncoding = 4; lastKnownFileType = sourcecode.c.objc; path = GroupEditCommand.m; sourceTree = "<group>"; };
		DDFD6395173B0A7B000323A8 /* MemberCommand.h */ = {isa = PBXFileReference; fileEncoding = 4; lastKnownFileType = sourcecode.c.h; path = MemberCommand.h; sourceTree = "<group>"; };
		DDFD6396173B0A7B000323A8 /* MemberCommand.m */ = {isa = PBXFileReference; fileEncoding = 4; lastKnownFileType = sourcecode.c.objc; path = MemberCommand.m; sourceTree = "<group>"; };
		DDFD6397173B0A7B000323A8 /* MemberDisplayCommand.h */ = {isa = PBXFileReference; fileEncoding = 4; lastKnownFileType = sourcecode.c.h; path = MemberDisplayCommand.h; sourceTree = "<group>"; };
		DDFD6398173B0A7B000323A8 /* MemberDisplayCommand.m */ = {isa = PBXFileReference; fileEncoding = 4; lastKnownFileType = sourcecode.c.objc; path = MemberDisplayCommand.m; sourceTree = "<group>"; };
		DDFD6399173B0A7B000323A8 /* TSCommandRunner.h */ = {isa = PBXFileReference; fileEncoding = 4; lastKnownFileType = sourcecode.c.h; path = TSCommandRunner.h; sourceTree = "<group>"; };
		DDFD639A173B0A7B000323A8 /* TSCommandRunner.m */ = {isa = PBXFileReference; fileEncoding = 4; lastKnownFileType = sourcecode.c.objc; path = TSCommandRunner.m; sourceTree = "<group>"; };
		DDFD639C173B0A7B000323A8 /* MasterEngine.h */ = {isa = PBXFileReference; fileEncoding = 4; lastKnownFileType = sourcecode.c.h; path = MasterEngine.h; sourceTree = "<group>"; };
		DDFD639D173B0A7B000323A8 /* MasterEngine.m */ = {isa = PBXFileReference; fileEncoding = 4; lastKnownFileType = sourcecode.c.objc; path = MasterEngine.m; sourceTree = "<group>"; };
		DDFD639E173B0A7B000323A8 /* TwitterCommand.h */ = {isa = PBXFileReference; fileEncoding = 4; lastKnownFileType = sourcecode.c.h; path = TwitterCommand.h; sourceTree = "<group>"; };
		DDFD639F173B0A7B000323A8 /* TwitterCommand.m */ = {isa = PBXFileReference; fileEncoding = 4; lastKnownFileType = sourcecode.c.objc; path = TwitterCommand.m; sourceTree = "<group>"; };
		DDFD63A0173B0A7B000323A8 /* TwitterEngine.h */ = {isa = PBXFileReference; fileEncoding = 4; lastKnownFileType = sourcecode.c.h; path = TwitterEngine.h; sourceTree = "<group>"; };
		DDFD63A1173B0A7B000323A8 /* TwitterEngine.m */ = {isa = PBXFileReference; fileEncoding = 4; lastKnownFileType = sourcecode.c.objc; path = TwitterEngine.m; sourceTree = "<group>"; };
		DDFD63A3173B0A7B000323A8 /* AlertView.h */ = {isa = PBXFileReference; fileEncoding = 4; lastKnownFileType = sourcecode.c.h; path = AlertView.h; sourceTree = "<group>"; };
		DDFD63A4173B0A7B000323A8 /* AlertView.m */ = {isa = PBXFileReference; fileEncoding = 4; lastKnownFileType = sourcecode.c.objc; path = AlertView.m; sourceTree = "<group>"; };
		DDFD63A5173B0A7B000323A8 /* AlertViewController.h */ = {isa = PBXFileReference; fileEncoding = 4; lastKnownFileType = sourcecode.c.h; path = AlertViewController.h; sourceTree = "<group>"; };
		DDFD63A6173B0A7B000323A8 /* AlertViewController.m */ = {isa = PBXFileReference; fileEncoding = 4; lastKnownFileType = sourcecode.c.objc; path = AlertViewController.m; sourceTree = "<group>"; };
		DDFD63A7173B0A7B000323A8 /* TSTableViewController.h */ = {isa = PBXFileReference; fileEncoding = 4; lastKnownFileType = sourcecode.c.h; path = TSTableViewController.h; sourceTree = "<group>"; };
		DDFD63A8173B0A7B000323A8 /* TSTableViewController.m */ = {isa = PBXFileReference; fileEncoding = 4; lastKnownFileType = sourcecode.c.objc; path = TSTableViewController.m; sourceTree = "<group>"; };
		DDFD63A9173B0A7B000323A8 /* TSViewController.h */ = {isa = PBXFileReference; fileEncoding = 4; lastKnownFileType = sourcecode.c.h; path = TSViewController.h; sourceTree = "<group>"; };
		DDFD63AA173B0A7B000323A8 /* TSViewController.m */ = {isa = PBXFileReference; fileEncoding = 4; lastKnownFileType = sourcecode.c.objc; path = TSViewController.m; sourceTree = "<group>"; };
		DDFD63AC173B0A7B000323A8 /* TweetsViewController.h */ = {isa = PBXFileReference; fileEncoding = 4; lastKnownFileType = sourcecode.c.h; path = TweetsViewController.h; sourceTree = "<group>"; };
		DDFD63AD173B0A7B000323A8 /* TweetsViewController.m */ = {isa = PBXFileReference; fileEncoding = 4; lastKnownFileType = sourcecode.c.objc; path = TweetsViewController.m; sourceTree = "<group>"; };
		DDFD63B0173B0A7B000323A8 /* en */ = {isa = PBXFileReference; lastKnownFileType = text.plist.strings; name = en; path = en.lproj/InfoPlist.strings; sourceTree = "<group>"; };
		DDFD63B4173B0A7B000323A8 /* Model.xcdatamodel */ = {isa = PBXFileReference; lastKnownFileType = wrapper.xcdatamodel; path = Model.xcdatamodel; sourceTree = "<group>"; };
		DDFD63B6173B0A7B000323A8 /* human.h.motemplate */ = {isa = PBXFileReference; fileEncoding = 4; lastKnownFileType = text; path = human.h.motemplate; sourceTree = "<group>"; };
		DDFD63B7173B0A7B000323A8 /* human.m.motemplate */ = {isa = PBXFileReference; fileEncoding = 4; lastKnownFileType = text; path = human.m.motemplate; sourceTree = "<group>"; };
		DDFD63B8173B0A7B000323A8 /* machine.h.motemplate */ = {isa = PBXFileReference; fileEncoding = 4; lastKnownFileType = text; path = machine.h.motemplate; sourceTree = "<group>"; };
		DDFD63B9173B0A7B000323A8 /* machine.m.motemplate */ = {isa = PBXFileReference; fileEncoding = 4; lastKnownFileType = text; path = machine.m.motemplate; sourceTree = "<group>"; };
		DDFD63BA173B0A7B000323A8 /* mogenerator */ = {isa = PBXFileReference; lastKnownFileType = "compiled.mach-o.executable"; path = mogenerator; sourceTree = "<group>"; };
		DDFD63BB173B0A7B000323A8 /* readme.txt */ = {isa = PBXFileReference; fileEncoding = 4; lastKnownFileType = text; path = readme.txt; sourceTree = "<group>"; };
		DDFD63BC173B0A7B000323A8 /* Model.h */ = {isa = PBXFileReference; fileEncoding = 4; lastKnownFileType = sourcecode.c.h; path = Model.h; sourceTree = "<group>"; };
		DDFD63BD173B0A7B000323A8 /* Model.m */ = {isa = PBXFileReference; fileEncoding = 4; lastKnownFileType = sourcecode.c.objc; path = Model.m; sourceTree = "<group>"; };
		DDFD63BE173B0A7B000323A8 /* ModelObject.h */ = {isa = PBXFileReference; fileEncoding = 4; lastKnownFileType = sourcecode.c.h; path = ModelObject.h; sourceTree = "<group>"; };
		DDFD63BF173B0A7B000323A8 /* ModelObject.m */ = {isa = PBXFileReference; fileEncoding = 4; lastKnownFileType = sourcecode.c.objc; path = ModelObject.m; sourceTree = "<group>"; };
		DDFD63C2173B0A7B000323A8 /* Group.h */ = {isa = PBXFileReference; fileEncoding = 4; lastKnownFileType = sourcecode.c.h; path = Group.h; sourceTree = "<group>"; };
		DDFD63C3173B0A7B000323A8 /* Group.m */ = {isa = PBXFileReference; fileEncoding = 4; lastKnownFileType = sourcecode.c.objc; path = Group.m; sourceTree = "<group>"; };
		DDFD63C4173B0A7B000323A8 /* Member.h */ = {isa = PBXFileReference; fileEncoding = 4; lastKnownFileType = sourcecode.c.h; path = Member.h; sourceTree = "<group>"; };
		DDFD63C5173B0A7B000323A8 /* Member.m */ = {isa = PBXFileReference; fileEncoding = 4; lastKnownFileType = sourcecode.c.objc; path = Member.m; sourceTree = "<group>"; };
		DDFD63C6173B0A7B000323A8 /* Tweet.h */ = {isa = PBXFileReference; fileEncoding = 4; lastKnownFileType = sourcecode.c.h; path = Tweet.h; sourceTree = "<group>"; };
		DDFD63C7173B0A7B000323A8 /* Tweet.m */ = {isa = PBXFileReference; fileEncoding = 4; lastKnownFileType = sourcecode.c.objc; path = Tweet.m; sourceTree = "<group>"; };
		DDFD63C8173B0A7B000323A8 /* TwitterEntity.h */ = {isa = PBXFileReference; fileEncoding = 4; lastKnownFileType = sourcecode.c.h; path = TwitterEntity.h; sourceTree = "<group>"; };
		DDFD63C9173B0A7B000323A8 /* TwitterEntity.m */ = {isa = PBXFileReference; fileEncoding = 4; lastKnownFileType = sourcecode.c.objc; path = TwitterEntity.m; sourceTree = "<group>"; };
		DDFD63CB173B0A7B000323A8 /* _Group.h */ = {isa = PBXFileReference; fileEncoding = 4; lastKnownFileType = sourcecode.c.h; path = _Group.h; sourceTree = "<group>"; };
		DDFD63CC173B0A7B000323A8 /* _Group.m */ = {isa = PBXFileReference; fileEncoding = 4; lastKnownFileType = sourcecode.c.objc; path = _Group.m; sourceTree = "<group>"; };
		DDFD63CD173B0A7B000323A8 /* _Member.h */ = {isa = PBXFileReference; fileEncoding = 4; lastKnownFileType = sourcecode.c.h; path = _Member.h; sourceTree = "<group>"; };
		DDFD63CE173B0A7B000323A8 /* _Member.m */ = {isa = PBXFileReference; fileEncoding = 4; lastKnownFileType = sourcecode.c.objc; path = _Member.m; sourceTree = "<group>"; };
		DDFD63CF173B0A7B000323A8 /* _Tweet.h */ = {isa = PBXFileReference; fileEncoding = 4; lastKnownFileType = sourcecode.c.h; path = _Tweet.h; sourceTree = "<group>"; };
		DDFD63D0173B0A7B000323A8 /* _Tweet.m */ = {isa = PBXFileReference; fileEncoding = 4; lastKnownFileType = sourcecode.c.objc; path = _Tweet.m; sourceTree = "<group>"; };
		DDFD63D1173B0A7B000323A8 /* _TwitterEntity.h */ = {isa = PBXFileReference; fileEncoding = 4; lastKnownFileType = sourcecode.c.h; path = _TwitterEntity.h; sourceTree = "<group>"; };
		DDFD63D2173B0A7B000323A8 /* _TwitterEntity.m */ = {isa = PBXFileReference; fileEncoding = 4; lastKnownFileType = sourcecode.c.objc; path = _TwitterEntity.m; sourceTree = "<group>"; };
		DDFD63D4173B0A7B000323A8 /* AppDelegate.h */ = {isa = PBXFileReference; fileEncoding = 4; lastKnownFileType = sourcecode.c.h; path = AppDelegate.h; sourceTree = "<group>"; };
		DDFD63D5173B0A7B000323A8 /* AppDelegate.m */ = {isa = PBXFileReference; fileEncoding = 4; lastKnownFileType = sourcecode.c.objc; path = AppDelegate.m; sourceTree = "<group>"; };
		DDFD63D9173B0A7B000323A8 /* NSError+Factory.h */ = {isa = PBXFileReference; fileEncoding = 4; lastKnownFileType = sourcecode.c.h; path = "NSError+Factory.h"; sourceTree = "<group>"; };
		DDFD63DA173B0A7B000323A8 /* NSError+Factory.m */ = {isa = PBXFileReference; fileEncoding = 4; lastKnownFileType = sourcecode.c.objc; path = "NSError+Factory.m"; sourceTree = "<group>"; };
		DDFD63DB173B0A7B000323A8 /* NSFileManager+DirectoryLocations.h */ = {isa = PBXFileReference; fileEncoding = 4; lastKnownFileType = sourcecode.c.h; path = "NSFileManager+DirectoryLocations.h"; sourceTree = "<group>"; };
		DDFD63DC173B0A7B000323A8 /* NSFileManager+DirectoryLocations.m */ = {isa = PBXFileReference; fileEncoding = 4; lastKnownFileType = sourcecode.c.objc; path = "NSFileManager+DirectoryLocations.m"; sourceTree = "<group>"; };
		DDFD63DD173B0A7B000323A8 /* UIColor+Extensions.h */ = {isa = PBXFileReference; fileEncoding = 4; lastKnownFileType = sourcecode.c.h; path = "UIColor+Extensions.h"; sourceTree = "<group>"; };
		DDFD63DE173B0A7B000323A8 /* UIColor+Extensions.m */ = {isa = PBXFileReference; fileEncoding = 4; lastKnownFileType = sourcecode.c.objc; path = "UIColor+Extensions.m"; sourceTree = "<group>"; };
		DDFD63DF173B0A7B000323A8 /* UIView+loadFromNib.h */ = {isa = PBXFileReference; fileEncoding = 4; lastKnownFileType = sourcecode.c.h; path = "UIView+loadFromNib.h"; sourceTree = "<group>"; };
		DDFD63E0173B0A7B000323A8 /* UIView+loadFromNib.m */ = {isa = PBXFileReference; fileEncoding = 4; lastKnownFileType = sourcecode.c.objc; path = "UIView+loadFromNib.m"; sourceTree = "<group>"; };
		DDFD63E2173B0A7B000323A8 /* Appearances.h */ = {isa = PBXFileReference; fileEncoding = 4; lastKnownFileType = sourcecode.c.h; path = Appearances.h; sourceTree = "<group>"; };
		DDFD63E3173B0A7B000323A8 /* Appearances.m */ = {isa = PBXFileReference; fileEncoding = 4; lastKnownFileType = sourcecode.c.objc; path = Appearances.m; sourceTree = "<group>"; };
		DDFD63E4173B0A7B000323A8 /* Constants.h */ = {isa = PBXFileReference; fileEncoding = 4; lastKnownFileType = sourcecode.c.h; path = Constants.h; sourceTree = "<group>"; };
		DDFD63E5173B0A7B000323A8 /* Constants.m */ = {isa = PBXFileReference; fileEncoding = 4; lastKnownFileType = sourcecode.c.objc; path = Constants.m; sourceTree = "<group>"; };
		DDFD63E6173B0A7B000323A8 /* SBConstants.h */ = {isa = PBXFileReference; fileEncoding = 4; lastKnownFileType = sourcecode.c.h; path = SBConstants.h; sourceTree = "<group>"; };
		DDFD63E7173B0A7B000323A8 /* SBConstants.m */ = {isa = PBXFileReference; fileEncoding = 4; lastKnownFileType = sourcecode.c.objc; path = SBConstants.m; sourceTree = "<group>"; };
		DDFD63E9173B0A7B000323A8 /* CGRectHelper.h */ = {isa = PBXFileReference; fileEncoding = 4; lastKnownFileType = sourcecode.c.h; path = CGRectHelper.h; sourceTree = "<group>"; };
		DDFD63EA173B0A7B000323A8 /* NSStringHelper.h */ = {isa = PBXFileReference; fileEncoding = 4; lastKnownFileType = sourcecode.c.h; path = NSStringHelper.h; sourceTree = "<group>"; };
		DDFD63EB173B0A7B000323A8 /* NSStringHelper.m */ = {isa = PBXFileReference; fileEncoding = 4; lastKnownFileType = sourcecode.c.objc; path = NSStringHelper.m; sourceTree = "<group>"; };
		DDFD63EC173B0A7B000323A8 /* RoundedRectUtility.h */ = {isa = PBXFileReference; fileEncoding = 4; lastKnownFileType = sourcecode.c.h; path = RoundedRectUtility.h; sourceTree = "<group>"; };
		DDFD63ED173B0A7B000323A8 /* RoundedRectUtility.m */ = {isa = PBXFileReference; fileEncoding = 4; lastKnownFileType = sourcecode.c.objc; path = RoundedRectUtility.m; sourceTree = "<group>"; };
		DDFD63EE173B0A7B000323A8 /* SettingsHelper.h */ = {isa = PBXFileReference; fileEncoding = 4; lastKnownFileType = sourcecode.c.h; path = SettingsHelper.h; sourceTree = "<group>"; };
		DDFD63EF173B0A7B000323A8 /* SettingsHelper.m */ = {isa = PBXFileReference; fileEncoding = 4; lastKnownFileType = sourcecode.c.objc; path = SettingsHelper.m; sourceTree = "<group>"; };
		DDFD63F0173B0A7B000323A8 /* main.m */ = {isa = PBXFileReference; fileEncoding = 4; lastKnownFileType = sourcecode.c.objc; path = main.m; sourceTree = "<group>"; };
		DDFD63F6173B0A7B000323A8 /* TweetCell.h */ = {isa = PBXFileReference; fileEncoding = 4; lastKnownFileType = sourcecode.c.h; path = TweetCell.h; sourceTree = "<group>"; };
		DDFD63F7173B0A7B000323A8 /* TweetCell.m */ = {isa = PBXFileReference; fileEncoding = 4; lastKnownFileType = sourcecode.c.objc; path = TweetCell.m; sourceTree = "<group>"; };
		DDFD63FA173B0A7B000323A8 /* StoryboardiPad.storyboard */ = {isa = PBXFileReference; fileEncoding = 4; lastKnownFileType = file.storyboard; path = StoryboardiPad.storyboard; sourceTree = "<group>"; };
		DDFD63FB173B0A7B000323A8 /* StoryboardiPhone.storyboard */ = {isa = PBXFileReference; fileEncoding = 4; lastKnownFileType = file.storyboard; path = StoryboardiPhone.storyboard; sourceTree = "<group>"; };
		DDFD63FD173B0A7B000323A8 /* AlertViewController.xib */ = {isa = PBXFileReference; fileEncoding = 4; lastKnownFileType = file.xib; path = AlertViewController.xib; sourceTree = "<group>"; };
		DDFD6439173B0C3B000323A8 /* EGORefreshTableHeaderView.h */ = {isa = PBXFileReference; fileEncoding = 4; lastKnownFileType = sourcecode.c.h; path = EGORefreshTableHeaderView.h; sourceTree = "<group>"; };
		DDFD643A173B0C3B000323A8 /* EGORefreshTableHeaderView.m */ = {isa = PBXFileReference; fileEncoding = 4; lastKnownFileType = sourcecode.c.objc; path = EGORefreshTableHeaderView.m; sourceTree = "<group>"; };
		DDFD643C173B0C3B000323A8 /* blackArrow.png */ = {isa = PBXFileReference; lastKnownFileType = image.png; path = blackArrow.png; sourceTree = "<group>"; };
		DDFD643D173B0C3B000323A8 /* blackArrow@2x.png */ = {isa = PBXFileReference; lastKnownFileType = image.png; path = "blackArrow@2x.png"; sourceTree = "<group>"; };
		DDFD643E173B0C3B000323A8 /* blueArrow.png */ = {isa = PBXFileReference; lastKnownFileType = image.png; path = blueArrow.png; sourceTree = "<group>"; };
		DDFD643F173B0C3B000323A8 /* blueArrow@2x.png */ = {isa = PBXFileReference; lastKnownFileType = image.png; path = "blueArrow@2x.png"; sourceTree = "<group>"; };
		DDFD6440173B0C3B000323A8 /* grayArrow.png */ = {isa = PBXFileReference; lastKnownFileType = image.png; path = grayArrow.png; sourceTree = "<group>"; };
		DDFD6441173B0C3B000323A8 /* grayArrow@2x.png */ = {isa = PBXFileReference; lastKnownFileType = image.png; path = "grayArrow@2x.png"; sourceTree = "<group>"; };
		DDFD6442173B0C3B000323A8 /* whiteArrow.png */ = {isa = PBXFileReference; lastKnownFileType = image.png; path = whiteArrow.png; sourceTree = "<group>"; };
		DDFD6443173B0C3B000323A8 /* whiteArrow@2x.png */ = {isa = PBXFileReference; lastKnownFileType = image.png; path = "whiteArrow@2x.png"; sourceTree = "<group>"; };
		DDFD6478173B0C3B000323A8 /* NSAlert+MKNetworkKitAdditions.h */ = {isa = PBXFileReference; fileEncoding = 4; lastKnownFileType = sourcecode.c.h; path = "NSAlert+MKNetworkKitAdditions.h"; sourceTree = "<group>"; };
		DDFD6479173B0C3B000323A8 /* NSAlert+MKNetworkKitAdditions.m */ = {isa = PBXFileReference; fileEncoding = 4; lastKnownFileType = sourcecode.c.objc; path = "NSAlert+MKNetworkKitAdditions.m"; sourceTree = "<group>"; };
		DDFD647A173B0C3B000323A8 /* NSData+MKBase64.h */ = {isa = PBXFileReference; fileEncoding = 4; lastKnownFileType = sourcecode.c.h; path = "NSData+MKBase64.h"; sourceTree = "<group>"; };
		DDFD647B173B0C3B000323A8 /* NSData+MKBase64.m */ = {isa = PBXFileReference; fileEncoding = 4; lastKnownFileType = sourcecode.c.objc; path = "NSData+MKBase64.m"; sourceTree = "<group>"; };
		DDFD647C173B0C3B000323A8 /* NSDate+RFC1123.h */ = {isa = PBXFileReference; fileEncoding = 4; lastKnownFileType = sourcecode.c.h; path = "NSDate+RFC1123.h"; sourceTree = "<group>"; };
		DDFD647D173B0C3B000323A8 /* NSDate+RFC1123.m */ = {isa = PBXFileReference; fileEncoding = 4; lastKnownFileType = sourcecode.c.objc; path = "NSDate+RFC1123.m"; sourceTree = "<group>"; };
		DDFD647E173B0C3B000323A8 /* NSDictionary+RequestEncoding.h */ = {isa = PBXFileReference; fileEncoding = 4; lastKnownFileType = sourcecode.c.h; path = "NSDictionary+RequestEncoding.h"; sourceTree = "<group>"; };
		DDFD647F173B0C3B000323A8 /* NSDictionary+RequestEncoding.m */ = {isa = PBXFileReference; fileEncoding = 4; lastKnownFileType = sourcecode.c.objc; path = "NSDictionary+RequestEncoding.m"; sourceTree = "<group>"; };
		DDFD6480173B0C3B000323A8 /* NSString+MKNetworkKitAdditions.h */ = {isa = PBXFileReference; fileEncoding = 4; lastKnownFileType = sourcecode.c.h; path = "NSString+MKNetworkKitAdditions.h"; sourceTree = "<group>"; };
		DDFD6481173B0C3B000323A8 /* NSString+MKNetworkKitAdditions.m */ = {isa = PBXFileReference; fileEncoding = 4; lastKnownFileType = sourcecode.c.objc; path = "NSString+MKNetworkKitAdditions.m"; sourceTree = "<group>"; };
		DDFD6482173B0C3B000323A8 /* UIAlertView+MKNetworkKitAdditions.h */ = {isa = PBXFileReference; fileEncoding = 4; lastKnownFileType = sourcecode.c.h; path = "UIAlertView+MKNetworkKitAdditions.h"; sourceTree = "<group>"; };
		DDFD6483173B0C3B000323A8 /* UIAlertView+MKNetworkKitAdditions.m */ = {isa = PBXFileReference; fileEncoding = 4; lastKnownFileType = sourcecode.c.objc; path = "UIAlertView+MKNetworkKitAdditions.m"; sourceTree = "<group>"; };
		DDFD6484173B0C3B000323A8 /* UIImageView+MKNetworkKitAdditions.h */ = {isa = PBXFileReference; fileEncoding = 4; lastKnownFileType = sourcecode.c.h; path = "UIImageView+MKNetworkKitAdditions.h"; sourceTree = "<group>"; };
		DDFD6485173B0C3B000323A8 /* UIImageView+MKNetworkKitAdditions.m */ = {isa = PBXFileReference; fileEncoding = 4; lastKnownFileType = sourcecode.c.objc; path = "UIImageView+MKNetworkKitAdditions.m"; sourceTree = "<group>"; };
		DDFD6486173B0C3B000323A8 /* MKNetworkEngine.h */ = {isa = PBXFileReference; fileEncoding = 4; lastKnownFileType = sourcecode.c.h; path = MKNetworkEngine.h; sourceTree = "<group>"; };
		DDFD6487173B0C3B000323A8 /* MKNetworkEngine.m */ = {isa = PBXFileReference; fileEncoding = 4; lastKnownFileType = sourcecode.c.objc; path = MKNetworkEngine.m; sourceTree = "<group>"; };
		DDFD6488173B0C3B000323A8 /* MKNetworkKit.h */ = {isa = PBXFileReference; fileEncoding = 4; lastKnownFileType = sourcecode.c.h; path = MKNetworkKit.h; sourceTree = "<group>"; };
		DDFD6489173B0C3B000323A8 /* MKNetworkOperation.h */ = {isa = PBXFileReference; fileEncoding = 4; lastKnownFileType = sourcecode.c.h; path = MKNetworkOperation.h; sourceTree = "<group>"; };
		DDFD648A173B0C3B000323A8 /* MKNetworkOperation.m */ = {isa = PBXFileReference; fileEncoding = 4; lastKnownFileType = sourcecode.c.objc; path = MKNetworkOperation.m; sourceTree = "<group>"; };
		DDFD648C173B0C3B000323A8 /* Reachability.h */ = {isa = PBXFileReference; fileEncoding = 4; lastKnownFileType = sourcecode.c.h; path = Reachability.h; sourceTree = "<group>"; };
		DDFD648D173B0C3B000323A8 /* Reachability.m */ = {isa = PBXFileReference; fileEncoding = 4; lastKnownFileType = sourcecode.c.objc; path = Reachability.m; sourceTree = "<group>"; };
		DDFD662E173B0C3D000323A8 /* XMLDictionary.h */ = {isa = PBXFileReference; fileEncoding = 4; lastKnownFileType = sourcecode.c.h; path = XMLDictionary.h; sourceTree = "<group>"; };
		DDFD662F173B0C3D000323A8 /* XMLDictionary.m */ = {isa = PBXFileReference; fileEncoding = 4; lastKnownFileType = sourcecode.c.objc; path = XMLDictionary.m; sourceTree = "<group>"; };
		DDFD86A9159D3CCB00DB0164 /* IntegrationTests.octest */ = {isa = PBXFileReference; explicitFileType = wrapper.cfbundle; includeInIndex = 0; path = IntegrationTests.octest; sourceTree = BUILT_PRODUCTS_DIR; };
/* End PBXFileReference section */

/* Begin PBXFrameworksBuildPhase section */
		89097C4115799DFF00913B9E /* Frameworks */ = {
			isa = PBXFrameworksBuildPhase;
			buildActionMask = 2147483647;
			files = (
				DDFD62CA173B089D000323A8 /* ImageIO.framework in Frameworks */,
				DDBB5F511726512D00C93A97 /* QuartzCore.framework in Frameworks */,
				89097D1C1579A0F500913B9E /* Security.framework in Frameworks */,
				89097D1A15799F9100913B9E /* SystemConfiguration.framework in Frameworks */,
				89097D1815799F8800913B9E /* CFNetwork.framework in Frameworks */,
				89097C4915799DFF00913B9E /* UIKit.framework in Frameworks */,
				89097C4B15799DFF00913B9E /* Foundation.framework in Frameworks */,
				89097C4D15799DFF00913B9E /* CoreGraphics.framework in Frameworks */,
			);
			runOnlyForDeploymentPostprocessing = 0;
		};
		89097C5B15799DFF00913B9E /* Frameworks */ = {
			isa = PBXFrameworksBuildPhase;
			buildActionMask = 2147483647;
			files = (
				89097C6115799DFF00913B9E /* SenTestingKit.framework in Frameworks */,
				89097C6215799DFF00913B9E /* UIKit.framework in Frameworks */,
				89097C6315799DFF00913B9E /* Foundation.framework in Frameworks */,
			);
			runOnlyForDeploymentPostprocessing = 0;
		};
		DDFD86A5159D3CCB00DB0164 /* Frameworks */ = {
			isa = PBXFrameworksBuildPhase;
			buildActionMask = 2147483647;
			files = (
				DDFD86AA159D3CCB00DB0164 /* SenTestingKit.framework in Frameworks */,
				DDFD86AB159D3CCB00DB0164 /* UIKit.framework in Frameworks */,
				DDFD86AC159D3CCB00DB0164 /* Foundation.framework in Frameworks */,
			);
			runOnlyForDeploymentPostprocessing = 0;
		};
/* End PBXFrameworksBuildPhase section */

/* Begin PBXGroup section */
		89097C3915799DFF00913B9E = {
			isa = PBXGroup;
			children = (
				DDFD6382173B0A7B000323A8 /* App */,
				89DA25E916978E17001273E1 /* Default-568h@2x.png */,
				DDFD6435173B0C3B000323A8 /* External */,
				89097C4715799DFF00913B9E /* Frameworks */,
				89097C4515799DFF00913B9E /* Products */,
				89D3C5951723B5C300704064 /* Tests */,
				89D3C5A21723B5D600704064 /* IntegrationTests */,
			);
			sourceTree = "<group>";
		};
		89097C4515799DFF00913B9E /* Products */ = {
			isa = PBXGroup;
			children = (
				89097C4415799DFF00913B9E /* TSBoilerplate.app */,
				89097C5F15799DFF00913B9E /* Tests.octest */,
				DDFD86A9159D3CCB00DB0164 /* IntegrationTests.octest */,
			);
			name = Products;
			sourceTree = "<group>";
		};
		89097C4715799DFF00913B9E /* Frameworks */ = {
			isa = PBXGroup;
			children = (
				DDFD62C9173B089D000323A8 /* ImageIO.framework */,
				DDBB5F501726512D00C93A97 /* QuartzCore.framework */,
				89097D1B1579A0F500913B9E /* Security.framework */,
				89097D1915799F9100913B9E /* SystemConfiguration.framework */,
				89097D1715799F8800913B9E /* CFNetwork.framework */,
				89097C4815799DFF00913B9E /* UIKit.framework */,
				89097C4A15799DFF00913B9E /* Foundation.framework */,
				89097C4C15799DFF00913B9E /* CoreGraphics.framework */,
				89097C6015799DFF00913B9E /* SenTestingKit.framework */,
			);
			name = Frameworks;
			sourceTree = "<group>";
		};
		89D3C5951723B5C300704064 /* Tests */ = {
			isa = PBXGroup;
			children = (
				89D3C5961723B5C300704064 /* InfoPlist.strings */,
				89D3C5981723B5C300704064 /* Tests-Prefix.pch */,
				89D3C59B1723B5C300704064 /* Tests-Info.plist */,
				89D3C59C1723B5C300704064 /* TSGroupTest.h */,
				89D3C59D1723B5C300704064 /* TSGroupTest.m */,
			);
			path = Tests;
			sourceTree = "<group>";
		};
		89D3C5A21723B5D600704064 /* IntegrationTests */ = {
			isa = PBXGroup;
			children = (
				89D3C5A31723B5D600704064 /* InfoPlist.strings */,
				89D3C5A51723B5D600704064 /* IntegrationTests-Info.plist */,
				89D3C5A61723B5D600704064 /* IntegrationTests-Prefix.pch */,
				89D3C5AC1723B73500704064 /* TSAsynchronousOperationTest.h */,
				89D3C5AD1723B73500704064 /* TSAsynchronousOperationTest.m */,
				89D3C5A71723B5D600704064 /* TSTwitterIntegrationTest.h */,
				89D3C5A81723B5D600704064 /* TSTwitterIntegrationTest.m */,
			);
			path = IntegrationTests;
			sourceTree = "<group>";
		};
		DDFD6382173B0A7B000323A8 /* App */ = {
			isa = PBXGroup;
			children = (
				DDFD6383173B0A7B000323A8 /* Controller */,
				DDFD63AE173B0A7B000323A8 /* Locale */,
				DDFD63B1173B0A7B000323A8 /* Model */,
				DDFD63D3173B0A7B000323A8 /* Supporting Files */,
				DDFD63F3173B0A7B000323A8 /* View */,
			);
			path = App;
			sourceTree = "<group>";
		};
		DDFD6383173B0A7B000323A8 /* Controller */ = {
			isa = PBXGroup;
			children = (
				DDFD6384173B0A7B000323A8 /* Application */,
				DDFD63A2173B0A7B000323A8 /* TopLevelControllers */,
				DDFD63AB173B0A7B000323A8 /* ViewControllers */,
			);
			path = Controller;
			sourceTree = "<group>";
		};
		DDFD6384173B0A7B000323A8 /* Application */ = {
			isa = PBXGroup;
			children = (
				DDFD6385173B0A7B000323A8 /* Builders */,
				DDFD638A173B0A7B000323A8 /* Commands */,
			);
			path = Application;
			sourceTree = "<group>";
		};
		DDFD6385173B0A7B000323A8 /* Builders */ = {
			isa = PBXGroup;
			children = (
				DDFD6386173B0A7B000323A8 /* TweetBuilder.h */,
				DDFD6387173B0A7B000323A8 /* TweetBuilder.m */,
				DDFD6388173B0A7B000323A8 /* TwitterEntityBuilder.h */,
				DDFD6389173B0A7B000323A8 /* TwitterEntityBuilder.m */,
			);
			path = Builders;
			sourceTree = "<group>";
		};
		DDFD638A173B0A7B000323A8 /* Commands */ = {
			isa = PBXGroup;
			children = (
				DDFD638B173B0A7B000323A8 /* AsynchronousCommand.h */,
				DDFD638C173B0A7B000323A8 /* AsynchronousCommand.m */,
				DDFD638D173B0A7B000323A8 /* Command.h */,
				DDFD638E173B0A7B000323A8 /* Command.m */,
				DDFD638F173B0A7B000323A8 /* Group */,
				DDFD6394173B0A7B000323A8 /* Member */,
				DDFD6399173B0A7B000323A8 /* TSCommandRunner.h */,
				DDFD639A173B0A7B000323A8 /* TSCommandRunner.m */,
				DDFD639B173B0A7B000323A8 /* Webservices */,
			);
			path = Commands;
			sourceTree = "<group>";
		};
		DDFD638F173B0A7B000323A8 /* Group */ = {
			isa = PBXGroup;
			children = (
				DDFD6390173B0A7B000323A8 /* GroupCommand.h */,
				DDFD6391173B0A7B000323A8 /* GroupCommand.m */,
				DDFD6392173B0A7B000323A8 /* GroupEditCommand.h */,
				DDFD6393173B0A7B000323A8 /* GroupEditCommand.m */,
			);
			path = Group;
			sourceTree = "<group>";
		};
		DDFD6394173B0A7B000323A8 /* Member */ = {
			isa = PBXGroup;
			children = (
				DDFD6395173B0A7B000323A8 /* MemberCommand.h */,
				DDFD6396173B0A7B000323A8 /* MemberCommand.m */,
				DDFD6397173B0A7B000323A8 /* MemberDisplayCommand.h */,
				DDFD6398173B0A7B000323A8 /* MemberDisplayCommand.m */,
			);
			path = Member;
			sourceTree = "<group>";
		};
		DDFD639B173B0A7B000323A8 /* Webservices */ = {
			isa = PBXGroup;
			children = (
				2B06657D17C19D4000749237 /* fake_results.json */,
				DDFD639C173B0A7B000323A8 /* MasterEngine.h */,
				DDFD639D173B0A7B000323A8 /* MasterEngine.m */,
				DDFD639E173B0A7B000323A8 /* TwitterCommand.h */,
				DDFD639F173B0A7B000323A8 /* TwitterCommand.m */,
				DDFD63A0173B0A7B000323A8 /* TwitterEngine.h */,
				DDFD63A1173B0A7B000323A8 /* TwitterEngine.m */,
			);
			path = Webservices;
			sourceTree = "<group>";
		};
		DDFD63A2173B0A7B000323A8 /* TopLevelControllers */ = {
			isa = PBXGroup;
			children = (
				DDFD63A3173B0A7B000323A8 /* AlertView.h */,
				DDFD63A4173B0A7B000323A8 /* AlertView.m */,
				DDFD63A5173B0A7B000323A8 /* AlertViewController.h */,
				DDFD63A6173B0A7B000323A8 /* AlertViewController.m */,
				DDFD63A7173B0A7B000323A8 /* TSTableViewController.h */,
				DDFD63A8173B0A7B000323A8 /* TSTableViewController.m */,
				DDFD63A9173B0A7B000323A8 /* TSViewController.h */,
				DDFD63AA173B0A7B000323A8 /* TSViewController.m */,
			);
			path = TopLevelControllers;
			sourceTree = "<group>";
		};
		DDFD63AB173B0A7B000323A8 /* ViewControllers */ = {
			isa = PBXGroup;
			children = (
				DDFD63AC173B0A7B000323A8 /* TweetsViewController.h */,
				DDFD63AD173B0A7B000323A8 /* TweetsViewController.m */,
				2B15C4F117BDEF5F001C3E75 /* FormExampleViewController.h */,
				2B15C4F217BDEF5F001C3E75 /* FormExampleViewController.m */,
			);
			path = ViewControllers;
			sourceTree = "<group>";
		};
		DDFD63AE173B0A7B000323A8 /* Locale */ = {
			isa = PBXGroup;
			children = (
				DDFD63AF173B0A7B000323A8 /* InfoPlist.strings */,
			);
			path = Locale;
			sourceTree = "<group>";
		};
		DDFD63B1173B0A7B000323A8 /* Model */ = {
			isa = PBXGroup;
			children = (
				DDFD63B2173B0A7B000323A8 /* CoreDataModel */,
				DDFD63C0173B0A7B000323A8 /* ModelObjects */,
				DDFD63BC173B0A7B000323A8 /* Model.h */,
				DDFD63BD173B0A7B000323A8 /* Model.m */,
				DDFD63BE173B0A7B000323A8 /* ModelObject.h */,
				DDFD63BF173B0A7B000323A8 /* ModelObject.m */,
				DDF4C843173B0F0E00276A95 /* TestModel.h */,
				DDF4C844173B0F0E00276A95 /* TestModel.m */,
			);
			path = Model;
			sourceTree = "<group>";
		};
		DDFD63B2173B0A7B000323A8 /* CoreDataModel */ = {
			isa = PBXGroup;
			children = (
				DDFD63B3173B0A7B000323A8 /* Model.xcdatamodeld */,
				DDFD63B5173B0A7B000323A8 /* MogenTemplate */,
			);
			path = CoreDataModel;
			sourceTree = "<group>";
		};
		DDFD63B5173B0A7B000323A8 /* MogenTemplate */ = {
			isa = PBXGroup;
			children = (
				DDFD63B6173B0A7B000323A8 /* human.h.motemplate */,
				DDFD63B7173B0A7B000323A8 /* human.m.motemplate */,
				DDFD63B8173B0A7B000323A8 /* machine.h.motemplate */,
				DDFD63B9173B0A7B000323A8 /* machine.m.motemplate */,
				DDFD63BA173B0A7B000323A8 /* mogenerator */,
				DDFD63BB173B0A7B000323A8 /* readme.txt */,
			);
			path = MogenTemplate;
			sourceTree = "<group>";
		};
		DDFD63C0173B0A7B000323A8 /* ModelObjects */ = {
			isa = PBXGroup;
			children = (
				DDFD63C1173B0A7B000323A8 /* Human */,
				DDFD63CA173B0A7B000323A8 /* Machine */,
			);
			path = ModelObjects;
			sourceTree = "<group>";
		};
		DDFD63C1173B0A7B000323A8 /* Human */ = {
			isa = PBXGroup;
			children = (
				DDFD63C2173B0A7B000323A8 /* Group.h */,
				DDFD63C3173B0A7B000323A8 /* Group.m */,
				DDFD63C4173B0A7B000323A8 /* Member.h */,
				DDFD63C5173B0A7B000323A8 /* Member.m */,
				DDFD63C6173B0A7B000323A8 /* Tweet.h */,
				DDFD63C7173B0A7B000323A8 /* Tweet.m */,
				DDFD63C8173B0A7B000323A8 /* TwitterEntity.h */,
				DDFD63C9173B0A7B000323A8 /* TwitterEntity.m */,
			);
			path = Human;
			sourceTree = "<group>";
		};
		DDFD63CA173B0A7B000323A8 /* Machine */ = {
			isa = PBXGroup;
			children = (
				DDFD63CB173B0A7B000323A8 /* _Group.h */,
				DDFD63CC173B0A7B000323A8 /* _Group.m */,
				DDFD63CD173B0A7B000323A8 /* _Member.h */,
				DDFD63CE173B0A7B000323A8 /* _Member.m */,
				DDFD63CF173B0A7B000323A8 /* _Tweet.h */,
				DDFD63D0173B0A7B000323A8 /* _Tweet.m */,
				DDFD63D1173B0A7B000323A8 /* _TwitterEntity.h */,
				DDFD63D2173B0A7B000323A8 /* _TwitterEntity.m */,
			);
			path = Machine;
			sourceTree = "<group>";
		};
		DDFD63D3173B0A7B000323A8 /* Supporting Files */ = {
			isa = PBXGroup;
			children = (
				DDC1DF19173B1762000E0C66 /* App-Prefix.pch */,
				DDFD63D4173B0A7B000323A8 /* AppDelegate.h */,
				DDFD63D5173B0A7B000323A8 /* AppDelegate.m */,
				DDFD63D6173B0A7B000323A8 /* Categories */,
				DDFD63E1173B0A7B000323A8 /* Constants */,
				DDFD63E8173B0A7B000323A8 /* Helpers */,
				DDFD63F0173B0A7B000323A8 /* main.m */,
			);
			path = "Supporting Files";
			sourceTree = "<group>";
		};
		DDFD63D6173B0A7B000323A8 /* Categories */ = {
			isa = PBXGroup;
			children = (
				DDFD63D9173B0A7B000323A8 /* NSError+Factory.h */,
				DDFD63DA173B0A7B000323A8 /* NSError+Factory.m */,
				DDFD63DB173B0A7B000323A8 /* NSFileManager+DirectoryLocations.h */,
				DDFD63DC173B0A7B000323A8 /* NSFileManager+DirectoryLocations.m */,
				DDFD63DD173B0A7B000323A8 /* UIColor+Extensions.h */,
				DDFD63DE173B0A7B000323A8 /* UIColor+Extensions.m */,
				DDFD63DF173B0A7B000323A8 /* UIView+loadFromNib.h */,
				DDFD63E0173B0A7B000323A8 /* UIView+loadFromNib.m */,
			);
			path = Categories;
			sourceTree = "<group>";
		};
		DDFD63E1173B0A7B000323A8 /* Constants */ = {
			isa = PBXGroup;
			children = (
				DDFD63E2173B0A7B000323A8 /* Appearances.h */,
				DDFD63E3173B0A7B000323A8 /* Appearances.m */,
				DDFD63E4173B0A7B000323A8 /* Constants.h */,
				DDFD63E5173B0A7B000323A8 /* Constants.m */,
				DDFD63E6173B0A7B000323A8 /* SBConstants.h */,
				DDFD63E7173B0A7B000323A8 /* SBConstants.m */,
			);
			path = Constants;
			sourceTree = "<group>";
		};
		DDFD63E8173B0A7B000323A8 /* Helpers */ = {
			isa = PBXGroup;
			children = (
				DDFD63E9173B0A7B000323A8 /* CGRectHelper.h */,
				DDFD63EA173B0A7B000323A8 /* NSStringHelper.h */,
				DDFD63EB173B0A7B000323A8 /* NSStringHelper.m */,
				DDFD63EC173B0A7B000323A8 /* RoundedRectUtility.h */,
				DDFD63ED173B0A7B000323A8 /* RoundedRectUtility.m */,
				DDFD63EE173B0A7B000323A8 /* SettingsHelper.h */,
				DDFD63EF173B0A7B000323A8 /* SettingsHelper.m */,
			);
			path = Helpers;
			sourceTree = "<group>";
		};
		DDFD63F3173B0A7B000323A8 /* View */ = {
			isa = PBXGroup;
			children = (
				DDFD63F4173B0A7B000323A8 /* classes */,
				DDFD63F9173B0A7B000323A8 /* Storyboard */,
				DDFD63FC173B0A7B000323A8 /* xibs */,
			);
			path = View;
			sourceTree = "<group>";
		};
		DDFD63F4173B0A7B000323A8 /* classes */ = {
			isa = PBXGroup;
			children = (
				DDFD63F5173B0A7B000323A8 /* cells */,
				DDFD63F8173B0A7B000323A8 /* views */,
			);
			path = classes;
			sourceTree = "<group>";
		};
		DDFD63F5173B0A7B000323A8 /* cells */ = {
			isa = PBXGroup;
			children = (
				DDFD63F6173B0A7B000323A8 /* TweetCell.h */,
				DDFD63F7173B0A7B000323A8 /* TweetCell.m */,
			);
			path = cells;
			sourceTree = "<group>";
		};
		DDFD63F8173B0A7B000323A8 /* views */ = {
			isa = PBXGroup;
			children = (
			);
			path = views;
			sourceTree = "<group>";
		};
		DDFD63F9173B0A7B000323A8 /* Storyboard */ = {
			isa = PBXGroup;
			children = (
				DDFD63FA173B0A7B000323A8 /* StoryboardiPad.storyboard */,
				DDFD63FB173B0A7B000323A8 /* StoryboardiPhone.storyboard */,
			);
			path = Storyboard;
			sourceTree = "<group>";
		};
		DDFD63FC173B0A7B000323A8 /* xibs */ = {
			isa = PBXGroup;
			children = (
				DDFD63FD173B0A7B000323A8 /* AlertViewController.xib */,
			);
			path = xibs;
			sourceTree = "<group>";
		};
		DDFD6435173B0C3B000323A8 /* External */ = {
			isa = PBXGroup;
			children = (
				DDFD6436173B0C3B000323A8 /* EGOTableViewPullRefresh */,
				DDFD6444173B0C3B000323A8 /* MKNetworkKit */,
				DDFD6618173B0C3D000323A8 /* XMLDictionary */,
			);
			path = External;
			sourceTree = "<group>";
		};
		DDFD6436173B0C3B000323A8 /* EGOTableViewPullRefresh */ = {
			isa = PBXGroup;
			children = (
				DDFD6437173B0C3B000323A8 /* Classes */,
				DDFD643B173B0C3B000323A8 /* Resources */,
			);
			path = EGOTableViewPullRefresh;
			sourceTree = "<group>";
		};
		DDFD6437173B0C3B000323A8 /* Classes */ = {
			isa = PBXGroup;
			children = (
				DDFD6438173B0C3B000323A8 /* View */,
			);
			path = Classes;
			sourceTree = "<group>";
		};
		DDFD6438173B0C3B000323A8 /* View */ = {
			isa = PBXGroup;
			children = (
				DDFD6439173B0C3B000323A8 /* EGORefreshTableHeaderView.h */,
				DDFD643A173B0C3B000323A8 /* EGORefreshTableHeaderView.m */,
			);
			path = View;
			sourceTree = "<group>";
		};
		DDFD643B173B0C3B000323A8 /* Resources */ = {
			isa = PBXGroup;
			children = (
				DDFD643C173B0C3B000323A8 /* blackArrow.png */,
				DDFD643D173B0C3B000323A8 /* blackArrow@2x.png */,
				DDFD643E173B0C3B000323A8 /* blueArrow.png */,
				DDFD643F173B0C3B000323A8 /* blueArrow@2x.png */,
				DDFD6440173B0C3B000323A8 /* grayArrow.png */,
				DDFD6441173B0C3B000323A8 /* grayArrow@2x.png */,
				DDFD6442173B0C3B000323A8 /* whiteArrow.png */,
				DDFD6443173B0C3B000323A8 /* whiteArrow@2x.png */,
			);
			path = Resources;
			sourceTree = "<group>";
		};
		DDFD6444173B0C3B000323A8 /* MKNetworkKit */ = {
			isa = PBXGroup;
			children = (
				DDFD6476173B0C3B000323A8 /* MKNetworkKit */,
			);
			path = MKNetworkKit;
			sourceTree = "<group>";
		};
		DDFD6476173B0C3B000323A8 /* MKNetworkKit */ = {
			isa = PBXGroup;
			children = (
				DDFD6477173B0C3B000323A8 /* Categories */,
				DDFD6486173B0C3B000323A8 /* MKNetworkEngine.h */,
				DDFD6487173B0C3B000323A8 /* MKNetworkEngine.m */,
				DDFD6488173B0C3B000323A8 /* MKNetworkKit.h */,
				DDFD6489173B0C3B000323A8 /* MKNetworkOperation.h */,
				DDFD648A173B0C3B000323A8 /* MKNetworkOperation.m */,
				DDFD648B173B0C3B000323A8 /* Reachability */,
			);
			path = MKNetworkKit;
			sourceTree = "<group>";
		};
		DDFD6477173B0C3B000323A8 /* Categories */ = {
			isa = PBXGroup;
			children = (
				DDFD6478173B0C3B000323A8 /* NSAlert+MKNetworkKitAdditions.h */,
				DDFD6479173B0C3B000323A8 /* NSAlert+MKNetworkKitAdditions.m */,
				DDFD647A173B0C3B000323A8 /* NSData+MKBase64.h */,
				DDFD647B173B0C3B000323A8 /* NSData+MKBase64.m */,
				DDFD647C173B0C3B000323A8 /* NSDate+RFC1123.h */,
				DDFD647D173B0C3B000323A8 /* NSDate+RFC1123.m */,
				DDFD647E173B0C3B000323A8 /* NSDictionary+RequestEncoding.h */,
				DDFD647F173B0C3B000323A8 /* NSDictionary+RequestEncoding.m */,
				DDFD6480173B0C3B000323A8 /* NSString+MKNetworkKitAdditions.h */,
				DDFD6481173B0C3B000323A8 /* NSString+MKNetworkKitAdditions.m */,
				DDFD6482173B0C3B000323A8 /* UIAlertView+MKNetworkKitAdditions.h */,
				DDFD6483173B0C3B000323A8 /* UIAlertView+MKNetworkKitAdditions.m */,
				DDFD6484173B0C3B000323A8 /* UIImageView+MKNetworkKitAdditions.h */,
				DDFD6485173B0C3B000323A8 /* UIImageView+MKNetworkKitAdditions.m */,
			);
			path = Categories;
			sourceTree = "<group>";
		};
		DDFD648B173B0C3B000323A8 /* Reachability */ = {
			isa = PBXGroup;
			children = (
				DDFD648C173B0C3B000323A8 /* Reachability.h */,
				DDFD648D173B0C3B000323A8 /* Reachability.m */,
			);
			path = Reachability;
			sourceTree = "<group>";
		};
		DDFD6618173B0C3D000323A8 /* XMLDictionary */ = {
			isa = PBXGroup;
			children = (
				DDFD662D173B0C3D000323A8 /* XMLDictionary */,
			);
			path = XMLDictionary;
			sourceTree = "<group>";
		};
		DDFD662D173B0C3D000323A8 /* XMLDictionary */ = {
			isa = PBXGroup;
			children = (
				DDFD662E173B0C3D000323A8 /* XMLDictionary.h */,
				DDFD662F173B0C3D000323A8 /* XMLDictionary.m */,
			);
			path = XMLDictionary;
			sourceTree = "<group>";
		};
/* End PBXGroup section */

/* Begin PBXNativeTarget section */
		89097C4315799DFF00913B9E /* TSBoilerplate */ = {
			isa = PBXNativeTarget;
			buildConfigurationList = 89097C7115799DFF00913B9E /* Build configuration list for PBXNativeTarget "TSBoilerplate" */;
			buildPhases = (
				89097C4015799DFF00913B9E /* Sources */,
				89097C4115799DFF00913B9E /* Frameworks */,
				89097C4215799DFF00913B9E /* Resources */,
			);
			buildRules = (
			);
			dependencies = (
			);
			name = TSBoilerplate;
			productName = TSBoilerplate;
			productReference = 89097C4415799DFF00913B9E /* TSBoilerplate.app */;
			productType = "com.apple.product-type.application";
		};
		89097C5E15799DFF00913B9E /* Tests */ = {
			isa = PBXNativeTarget;
			buildConfigurationList = 89097C7415799DFF00913B9E /* Build configuration list for PBXNativeTarget "Tests" */;
			buildPhases = (
				89097C5A15799DFF00913B9E /* Sources */,
				89097C5B15799DFF00913B9E /* Frameworks */,
				89097C5C15799DFF00913B9E /* Resources */,
				89097C5D15799DFF00913B9E /* ShellScript */,
			);
			buildRules = (
			);
			dependencies = (
			);
			name = Tests;
			productName = TSBoilerplateTests;
			productReference = 89097C5F15799DFF00913B9E /* Tests.octest */;
			productType = "com.apple.product-type.bundle";
		};
		DDFD86A8159D3CCB00DB0164 /* IntegrationTests */ = {
			isa = PBXNativeTarget;
			buildConfigurationList = DDFD86B7159D3CCB00DB0164 /* Build configuration list for PBXNativeTarget "IntegrationTests" */;
			buildPhases = (
				DDFD86A4159D3CCB00DB0164 /* Sources */,
				DDFD86A5159D3CCB00DB0164 /* Frameworks */,
				DDFD86A6159D3CCB00DB0164 /* Resources */,
				DDFD86A7159D3CCB00DB0164 /* ShellScript */,
			);
			buildRules = (
			);
			dependencies = (
			);
			name = IntegrationTests;
			productName = TSBoilerplateIntegrationTests;
			productReference = DDFD86A9159D3CCB00DB0164 /* IntegrationTests.octest */;
			productType = "com.apple.product-type.bundle";
		};
/* End PBXNativeTarget section */

/* Begin PBXProject section */
		89097C3B15799DFF00913B9E /* Project object */ = {
			isa = PBXProject;
			attributes = {
				LastUpgradeCheck = 0460;
			};
			buildConfigurationList = 89097C3E15799DFF00913B9E /* Build configuration list for PBXProject "TSBoilerplate" */;
			compatibilityVersion = "Xcode 3.2";
			developmentRegion = English;
			hasScannedForEncodings = 0;
			knownRegions = (
				en,
			);
			mainGroup = 89097C3915799DFF00913B9E;
			productRefGroup = 89097C4515799DFF00913B9E /* Products */;
			projectDirPath = "";
			projectRoot = "";
			targets = (
				89097C4315799DFF00913B9E /* TSBoilerplate */,
				89097C5E15799DFF00913B9E /* Tests */,
				DDFD86A8159D3CCB00DB0164 /* IntegrationTests */,
				89097E7B1579AA2B00913B9E /* Generate Data Model */,
			);
		};
/* End PBXProject section */

/* Begin PBXResourcesBuildPhase section */
		89097C4215799DFF00913B9E /* Resources */ = {
			isa = PBXResourcesBuildPhase;
			buildActionMask = 2147483647;
			files = (
				89DA25EA16978E17001273E1 /* Default-568h@2x.png in Resources */,
				DDFD640F173B0A7B000323A8 /* InfoPlist.strings in Resources */,
				DDFD6411173B0A7B000323A8 /* human.h.motemplate in Resources */,
				DDFD6412173B0A7B000323A8 /* human.m.motemplate in Resources */,
				DDFD6413173B0A7B000323A8 /* machine.h.motemplate in Resources */,
				DDFD6414173B0A7B000323A8 /* machine.m.motemplate in Resources */,
				DDFD6415173B0A7B000323A8 /* mogenerator in Resources */,
				DDFD6416173B0A7B000323A8 /* readme.txt in Resources */,
				DDFD6430173B0A7B000323A8 /* StoryboardiPad.storyboard in Resources */,
				DDFD6431173B0A7B000323A8 /* StoryboardiPhone.storyboard in Resources */,
				DDFD6432173B0A7B000323A8 /* AlertViewController.xib in Resources */,
				DDFD6632173B0C3D000323A8 /* blackArrow.png in Resources */,
				DDFD6633173B0C3D000323A8 /* blackArrow@2x.png in Resources */,
				DDFD6634173B0C3D000323A8 /* blueArrow.png in Resources */,
				DDFD6635173B0C3D000323A8 /* blueArrow@2x.png in Resources */,
				DDFD6636173B0C3D000323A8 /* grayArrow.png in Resources */,
				DDFD6637173B0C3D000323A8 /* grayArrow@2x.png in Resources */,
				DDFD6638173B0C3D000323A8 /* whiteArrow.png in Resources */,
				DDFD6639173B0C3D000323A8 /* whiteArrow@2x.png in Resources */,
				2B06657E17C19D4000749237 /* fake_results.json in Resources */,
			);
			runOnlyForDeploymentPostprocessing = 0;
		};
		89097C5C15799DFF00913B9E /* Resources */ = {
			isa = PBXResourcesBuildPhase;
			buildActionMask = 2147483647;
			files = (
				89D3C59E1723B5C300704064 /* InfoPlist.strings in Resources */,
			);
			runOnlyForDeploymentPostprocessing = 0;
		};
		DDFD86A6159D3CCB00DB0164 /* Resources */ = {
			isa = PBXResourcesBuildPhase;
			buildActionMask = 2147483647;
			files = (
				89D3C5A91723B5D600704064 /* InfoPlist.strings in Resources */,
			);
			runOnlyForDeploymentPostprocessing = 0;
		};
/* End PBXResourcesBuildPhase section */

/* Begin PBXShellScriptBuildPhase section */
		89097C5D15799DFF00913B9E /* ShellScript */ = {
			isa = PBXShellScriptBuildPhase;
			buildActionMask = 2147483647;
			files = (
			);
			inputPaths = (
			);
			outputPaths = (
			);
			runOnlyForDeploymentPostprocessing = 0;
			shellPath = /bin/sh;
			shellScript = "# Run the unit tests in this test bundle.\n\"${SYSTEM_DEVELOPER_DIR}/Tools/RunUnitTests\"\n";
		};
		89097E7F1579AA3500913B9E /* ShellScript */ = {
			isa = PBXShellScriptBuildPhase;
			buildActionMask = 2147483647;
			files = (
			);
			inputPaths = (
			);
			outputPaths = (
			);
			runOnlyForDeploymentPostprocessing = 0;
			shellPath = /bin/bash;
			shellScript = "cd $PROJECT_DIR/App/Model/CoreDataModel\nmogenerator -m Model.xcdatamodeld/Model.xcdatamodel/ --template-var arc=YES --template-path ./MogenTemplate -M ../ModelObjects/Machine -H ../ModelObjects/Human";
		};
		DDFD86A7159D3CCB00DB0164 /* ShellScript */ = {
			isa = PBXShellScriptBuildPhase;
			buildActionMask = 2147483647;
			files = (
			);
			inputPaths = (
			);
			outputPaths = (
			);
			runOnlyForDeploymentPostprocessing = 0;
			shellPath = /bin/sh;
			shellScript = "# Run the unit tests in this test bundle.\n\"${SYSTEM_DEVELOPER_DIR}/Tools/RunUnitTests\"\n";
		};
/* End PBXShellScriptBuildPhase section */

/* Begin PBXSourcesBuildPhase section */
		89097C4015799DFF00913B9E /* Sources */ = {
			isa = PBXSourcesBuildPhase;
			buildActionMask = 2147483647;
			files = (
				DDFD63FE173B0A7B000323A8 /* TweetBuilder.m in Sources */,
				DDFD63FF173B0A7B000323A8 /* TwitterEntityBuilder.m in Sources */,
				DDFD6400173B0A7B000323A8 /* AsynchronousCommand.m in Sources */,
				DDFD6401173B0A7B000323A8 /* Command.m in Sources */,
				DDFD6402173B0A7B000323A8 /* GroupCommand.m in Sources */,
				DDFD6403173B0A7B000323A8 /* GroupEditCommand.m in Sources */,
				DDFD6404173B0A7B000323A8 /* MemberCommand.m in Sources */,
				DDFD6405173B0A7B000323A8 /* MemberDisplayCommand.m in Sources */,
				DDFD6406173B0A7B000323A8 /* TSCommandRunner.m in Sources */,
				DDFD6407173B0A7B000323A8 /* MasterEngine.m in Sources */,
				DDFD6408173B0A7B000323A8 /* TwitterCommand.m in Sources */,
				DDFD6409173B0A7B000323A8 /* TwitterEngine.m in Sources */,
				DDFD640A173B0A7B000323A8 /* AlertView.m in Sources */,
				DDFD640B173B0A7B000323A8 /* AlertViewController.m in Sources */,
				DDFD640C173B0A7B000323A8 /* TSTableViewController.m in Sources */,
				DDFD640D173B0A7B000323A8 /* TSViewController.m in Sources */,
				DDFD640E173B0A7B000323A8 /* TweetsViewController.m in Sources */,
				DDFD6410173B0A7B000323A8 /* Model.xcdatamodeld in Sources */,
				DDFD6417173B0A7B000323A8 /* Model.m in Sources */,
				DDFD6418173B0A7B000323A8 /* ModelObject.m in Sources */,
				DDFD6419173B0A7B000323A8 /* Group.m in Sources */,
				DDFD641A173B0A7B000323A8 /* Member.m in Sources */,
				DDFD641B173B0A7B000323A8 /* Tweet.m in Sources */,
				DDFD641C173B0A7B000323A8 /* TwitterEntity.m in Sources */,
				DDFD641D173B0A7B000323A8 /* _Group.m in Sources */,
				DDFD641E173B0A7B000323A8 /* _Member.m in Sources */,
				DDFD641F173B0A7B000323A8 /* _Tweet.m in Sources */,
				DDFD6420173B0A7B000323A8 /* _TwitterEntity.m in Sources */,
				DDFD6421173B0A7B000323A8 /* AppDelegate.m in Sources */,
				DDFD6423173B0A7B000323A8 /* NSError+Factory.m in Sources */,
				DDFD6424173B0A7B000323A8 /* NSFileManager+DirectoryLocations.m in Sources */,
				DDFD6425173B0A7B000323A8 /* UIColor+Extensions.m in Sources */,
				DDFD6426173B0A7B000323A8 /* UIView+loadFromNib.m in Sources */,
				DDFD6427173B0A7B000323A8 /* Appearances.m in Sources */,
				DDFD6428173B0A7B000323A8 /* Constants.m in Sources */,
				DDFD6429173B0A7B000323A8 /* SBConstants.m in Sources */,
				DDFD642A173B0A7B000323A8 /* NSStringHelper.m in Sources */,
				DDFD642B173B0A7B000323A8 /* RoundedRectUtility.m in Sources */,
				DDFD642C173B0A7B000323A8 /* SettingsHelper.m in Sources */,
				DDFD642D173B0A7B000323A8 /* main.m in Sources */,
				DDFD642F173B0A7B000323A8 /* TweetCell.m in Sources */,
				DDFD6631173B0C3D000323A8 /* EGORefreshTableHeaderView.m in Sources */,
				DDFD6650173B0C3D000323A8 /* NSAlert+MKNetworkKitAdditions.m in Sources */,
				DDFD6651173B0C3D000323A8 /* NSData+MKBase64.m in Sources */,
				DDFD6652173B0C3D000323A8 /* NSDate+RFC1123.m in Sources */,
				DDFD6653173B0C3D000323A8 /* NSDictionary+RequestEncoding.m in Sources */,
				DDFD6654173B0C3D000323A8 /* NSString+MKNetworkKitAdditions.m in Sources */,
				DDFD6655173B0C3D000323A8 /* UIAlertView+MKNetworkKitAdditions.m in Sources */,
				DDFD6656173B0C3D000323A8 /* UIImageView+MKNetworkKitAdditions.m in Sources */,
				DDFD6657173B0C3D000323A8 /* MKNetworkEngine.m in Sources */,
				DDFD6658173B0C3D000323A8 /* MKNetworkOperation.m in Sources */,
				DDFD6659173B0C3D000323A8 /* Reachability.m in Sources */,
				DDFD672E173B0C3E000323A8 /* XMLDictionary.m in Sources */,
				DDF4C845173B0F0E00276A95 /* TestModel.m in Sources */,
				2B15C4F317BDEF5F001C3E75 /* FormExampleViewController.m in Sources */,
			);
			runOnlyForDeploymentPostprocessing = 0;
		};
		89097C5A15799DFF00913B9E /* Sources */ = {
			isa = PBXSourcesBuildPhase;
			buildActionMask = 2147483647;
			files = (
				89D3C5A11723B5C300704064 /* TSGroupTest.m in Sources */,
			);
			runOnlyForDeploymentPostprocessing = 0;
		};
		DDFD86A4159D3CCB00DB0164 /* Sources */ = {
			isa = PBXSourcesBuildPhase;
			buildActionMask = 2147483647;
			files = (
				89D3C5AB1723B5D600704064 /* TSTwitterIntegrationTest.m in Sources */,
				89D3C5AE1723B73500704064 /* TSAsynchronousOperationTest.m in Sources */,
			);
			runOnlyForDeploymentPostprocessing = 0;
		};
/* End PBXSourcesBuildPhase section */

/* Begin PBXVariantGroup section */
		89D3C5961723B5C300704064 /* InfoPlist.strings */ = {
			isa = PBXVariantGroup;
			children = (
				89D3C5971723B5C300704064 /* en */,
			);
			name = InfoPlist.strings;
			sourceTree = "<group>";
		};
		89D3C5A31723B5D600704064 /* InfoPlist.strings */ = {
			isa = PBXVariantGroup;
			children = (
				89D3C5A41723B5D600704064 /* en */,
			);
			name = InfoPlist.strings;
			sourceTree = "<group>";
		};
		DDFD63AF173B0A7B000323A8 /* InfoPlist.strings */ = {
			isa = PBXVariantGroup;
			children = (
				DDFD63B0173B0A7B000323A8 /* en */,
			);
			name = InfoPlist.strings;
			sourceTree = "<group>";
		};
/* End PBXVariantGroup section */

/* Begin XCBuildConfiguration section */
		89097C6F15799DFF00913B9E /* Debug */ = {
			isa = XCBuildConfiguration;
			buildSettings = {
				ALWAYS_SEARCH_USER_PATHS = NO;
				ARCHS = "$(ARCHS_STANDARD_32_BIT)";
				CLANG_ENABLE_OBJC_ARC = YES;
				CLANG_WARN_CONSTANT_CONVERSION = YES;
				CLANG_WARN_ENUM_CONVERSION = YES;
				CLANG_WARN_INT_CONVERSION = YES;
				CLANG_WARN__DUPLICATE_METHOD_MATCH = YES;
				"CODE_SIGN_IDENTITY[sdk=iphoneos*]" = "iPhone Developer";
				COPY_PHASE_STRIP = NO;
				GCC_C_LANGUAGE_STANDARD = gnu99;
				GCC_DYNAMIC_NO_PIC = NO;
				GCC_OPTIMIZATION_LEVEL = 0;
				GCC_PREPROCESSOR_DEFINITIONS = (
					"DEBUG=1",
					"$(inherited)",
				);
				GCC_SYMBOLS_PRIVATE_EXTERN = NO;
				GCC_VERSION = com.apple.compilers.llvm.clang.1_0;
				GCC_WARN_ABOUT_RETURN_TYPE = YES;
				GCC_WARN_UNINITIALIZED_AUTOS = YES;
				GCC_WARN_UNUSED_VARIABLE = YES;
				IPHONEOS_DEPLOYMENT_TARGET = 5.1;
				SDKROOT = iphoneos;
				TARGETED_DEVICE_FAMILY = "1,2";
			};
			name = Debug;
		};
		89097C7015799DFF00913B9E /* Release */ = {
			isa = XCBuildConfiguration;
			buildSettings = {
				ALWAYS_SEARCH_USER_PATHS = NO;
				ARCHS = "$(ARCHS_STANDARD_32_BIT)";
				CLANG_ENABLE_OBJC_ARC = YES;
				CLANG_WARN_CONSTANT_CONVERSION = YES;
				CLANG_WARN_ENUM_CONVERSION = YES;
				CLANG_WARN_INT_CONVERSION = YES;
				CLANG_WARN__DUPLICATE_METHOD_MATCH = YES;
				"CODE_SIGN_IDENTITY[sdk=iphoneos*]" = "iPhone Developer";
				COPY_PHASE_STRIP = YES;
				GCC_C_LANGUAGE_STANDARD = gnu99;
				GCC_VERSION = com.apple.compilers.llvm.clang.1_0;
				GCC_WARN_ABOUT_RETURN_TYPE = YES;
				GCC_WARN_UNINITIALIZED_AUTOS = YES;
				GCC_WARN_UNUSED_VARIABLE = YES;
				IPHONEOS_DEPLOYMENT_TARGET = 5.1;
				OTHER_CFLAGS = "-DNS_BLOCK_ASSERTIONS=1";
				SDKROOT = iphoneos;
				TARGETED_DEVICE_FAMILY = "1,2";
				VALIDATE_PRODUCT = YES;
			};
			name = Release;
		};
		89097C7215799DFF00913B9E /* Debug */ = {
			isa = XCBuildConfiguration;
			buildSettings = {
				GCC_PRECOMPILE_PREFIX_HEADER = YES;
				GCC_PREFIX_HEADER = "App/Supporting Files/App-Prefix.pch";
				GCC_PREPROCESSOR_DEFINITIONS = "$(inherited)";
				INFOPLIST_FILE = "App/Supporting Files/App-Info.plist";
				MOMC_NO_INVERSE_RELATIONSHIP_WARNINGS = NO;
				MOMC_SUPPRESS_INVERSE_TRANSIENT_ERROR = YES;
				PRODUCT_NAME = "$(TARGET_NAME)";
				WRAPPER_EXTENSION = app;
			};
			name = Debug;
		};
		89097C7315799DFF00913B9E /* Release */ = {
			isa = XCBuildConfiguration;
			buildSettings = {
				GCC_PRECOMPILE_PREFIX_HEADER = YES;
				GCC_PREFIX_HEADER = "App/Supporting Files/App-Prefix.pch";
				INFOPLIST_FILE = "App/Supporting Files/App-Info.plist";
				MOMC_NO_INVERSE_RELATIONSHIP_WARNINGS = NO;
				MOMC_SUPPRESS_INVERSE_TRANSIENT_ERROR = YES;
				PRODUCT_NAME = "$(TARGET_NAME)";
				WRAPPER_EXTENSION = app;
			};
			name = Release;
		};
		89097C7515799DFF00913B9E /* Debug */ = {
			isa = XCBuildConfiguration;
			buildSettings = {
				BUNDLE_LOADER = "$(BUILT_PRODUCTS_DIR)/TSBoilerplate.app/TSBoilerplate";
				FRAMEWORK_SEARCH_PATHS = (
					"$(SDKROOT)/Developer/Library/Frameworks",
					"$(DEVELOPER_LIBRARY_DIR)/Frameworks",
				);
				GCC_PRECOMPILE_PREFIX_HEADER = YES;
				GCC_PREFIX_HEADER = "Tests/Tests-Prefix.pch";
				GCC_PREPROCESSOR_DEFINITIONS = "$(inherited)";
				GCC_PREPROCESSOR_DEFINITIONS_NOT_USED_IN_PRECOMPS = "";
				INFOPLIST_FILE = "Tests/Tests-Info.plist";
				PRODUCT_NAME = "$(TARGET_NAME)";
				TEST_HOST = "$(BUNDLE_LOADER)";
				WRAPPER_EXTENSION = octest;
			};
			name = Debug;
		};
		89097C7615799DFF00913B9E /* Release */ = {
			isa = XCBuildConfiguration;
			buildSettings = {
				BUNDLE_LOADER = "$(BUILT_PRODUCTS_DIR)/TSBoilerplate.app/TSBoilerplate";
				FRAMEWORK_SEARCH_PATHS = (
					"$(SDKROOT)/Developer/Library/Frameworks",
					"$(DEVELOPER_LIBRARY_DIR)/Frameworks",
				);
				GCC_PRECOMPILE_PREFIX_HEADER = YES;
				GCC_PREFIX_HEADER = "Tests/Tests-Prefix.pch";
				GCC_PREPROCESSOR_DEFINITIONS_NOT_USED_IN_PRECOMPS = "";
				INFOPLIST_FILE = "Tests/Tests-Info.plist";
				PRODUCT_NAME = "$(TARGET_NAME)";
				TEST_HOST = "$(BUNDLE_LOADER)";
				WRAPPER_EXTENSION = octest;
			};
			name = Release;
		};
		89097E7D1579AA2B00913B9E /* Debug */ = {
			isa = XCBuildConfiguration;
			buildSettings = {
				PRODUCT_NAME = "$(TARGET_NAME)";
			};
			name = Debug;
		};
		89097E7E1579AA2B00913B9E /* Release */ = {
			isa = XCBuildConfiguration;
			buildSettings = {
				PRODUCT_NAME = "$(TARGET_NAME)";
			};
			name = Release;
		};
		DDFD86B8159D3CCB00DB0164 /* Debug */ = {
			isa = XCBuildConfiguration;
			buildSettings = {
				BUNDLE_LOADER = "$(BUILT_PRODUCTS_DIR)/TSBoilerplate.app/TSBoilerplate";
				FRAMEWORK_SEARCH_PATHS = (
					"$(SDKROOT)/Developer/Library/Frameworks",
					"$(DEVELOPER_LIBRARY_DIR)/Frameworks",
				);
				GCC_PRECOMPILE_PREFIX_HEADER = YES;
				GCC_PREFIX_HEADER = "IntegrationTests/IntegrationTests-Prefix.pch";
				GCC_PREPROCESSOR_DEFINITIONS = "$(inherited)";
				GCC_PREPROCESSOR_DEFINITIONS_NOT_USED_IN_PRECOMPS = "";
				INFOPLIST_FILE = "IntegrationTests/IntegrationTests-Info.plist";
				PRODUCT_NAME = "$(TARGET_NAME)";
				TEST_HOST = "$(BUNDLE_LOADER)";
				WRAPPER_EXTENSION = octest;
			};
			name = Debug;
		};
		DDFD86B9159D3CCB00DB0164 /* Release */ = {
			isa = XCBuildConfiguration;
			buildSettings = {
				BUNDLE_LOADER = "$(BUILT_PRODUCTS_DIR)/TSBoilerplate.app/TSBoilerplate";
				FRAMEWORK_SEARCH_PATHS = (
					"$(SDKROOT)/Developer/Library/Frameworks",
					"$(DEVELOPER_LIBRARY_DIR)/Frameworks",
				);
				GCC_PRECOMPILE_PREFIX_HEADER = YES;
				GCC_PREFIX_HEADER = "IntegrationTests/IntegrationTests-Prefix.pch";
				GCC_PREPROCESSOR_DEFINITIONS = "";
				GCC_PREPROCESSOR_DEFINITIONS_NOT_USED_IN_PRECOMPS = "";
				INFOPLIST_FILE = "IntegrationTests/IntegrationTests-Info.plist";
				PRODUCT_NAME = "$(TARGET_NAME)";
				TEST_HOST = "$(BUNDLE_LOADER)";
				WRAPPER_EXTENSION = octest;
			};
			name = Release;
		};
/* End XCBuildConfiguration section */

/* Begin XCConfigurationList section */
		89097C3E15799DFF00913B9E /* Build configuration list for PBXProject "TSBoilerplate" */ = {
			isa = XCConfigurationList;
			buildConfigurations = (
				89097C6F15799DFF00913B9E /* Debug */,
				89097C7015799DFF00913B9E /* Release */,
			);
			defaultConfigurationIsVisible = 0;
			defaultConfigurationName = Release;
		};
		89097C7115799DFF00913B9E /* Build configuration list for PBXNativeTarget "TSBoilerplate" */ = {
			isa = XCConfigurationList;
			buildConfigurations = (
				89097C7215799DFF00913B9E /* Debug */,
				89097C7315799DFF00913B9E /* Release */,
			);
			defaultConfigurationIsVisible = 0;
			defaultConfigurationName = Release;
		};
		89097C7415799DFF00913B9E /* Build configuration list for PBXNativeTarget "Tests" */ = {
			isa = XCConfigurationList;
			buildConfigurations = (
				89097C7515799DFF00913B9E /* Debug */,
				89097C7615799DFF00913B9E /* Release */,
			);
			defaultConfigurationIsVisible = 0;
			defaultConfigurationName = Release;
		};
		89097E7C1579AA2B00913B9E /* Build configuration list for PBXAggregateTarget "Generate Data Model" */ = {
			isa = XCConfigurationList;
			buildConfigurations = (
				89097E7D1579AA2B00913B9E /* Debug */,
				89097E7E1579AA2B00913B9E /* Release */,
			);
			defaultConfigurationIsVisible = 0;
			defaultConfigurationName = Release;
		};
		DDFD86B7159D3CCB00DB0164 /* Build configuration list for PBXNativeTarget "IntegrationTests" */ = {
			isa = XCConfigurationList;
			buildConfigurations = (
				DDFD86B8159D3CCB00DB0164 /* Debug */,
				DDFD86B9159D3CCB00DB0164 /* Release */,
			);
			defaultConfigurationIsVisible = 0;
			defaultConfigurationName = Release;
		};
/* End XCConfigurationList section */

/* Begin XCVersionGroup section */
		DDFD63B3173B0A7B000323A8 /* Model.xcdatamodeld */ = {
			isa = XCVersionGroup;
			children = (
				DDFD63B4173B0A7B000323A8 /* Model.xcdatamodel */,
			);
			currentVersion = DDFD63B4173B0A7B000323A8 /* Model.xcdatamodel */;
			path = Model.xcdatamodeld;
			sourceTree = "<group>";
			versionGroupType = wrapper.xcdatamodel;
		};
/* End XCVersionGroup section */
	};
	rootObject = 89097C3B15799DFF00913B9E /* Project object */;
}
